// !$*UTF8*$!
{
	archiveVersion = 1;
	classes = {
	};
	objectVersion = 46;
	objects = {

/* Begin PBXBuildFile section */
		75A3293219191BF9003B3E93 /* MapAnnotationDemonstrationViewController.m in Sources */ = {isa = PBXBuildFile; fileRef = 75A3293119191BF9003B3E93 /* MapAnnotationDemonstrationViewController.m */; };
		75A3293619191CA7003B3E93 /* RestaurantAnnotation.m in Sources */ = {isa = PBXBuildFile; fileRef = 75A3293519191CA7003B3E93 /* RestaurantAnnotation.m */; };
		75E70547191A187400202D02 /* bus.png in Resources */ = {isa = PBXBuildFile; fileRef = 75E70545191A187400202D02 /* bus.png */; };
		75E70548191A187400202D02 /* bus@2x.png in Resources */ = {isa = PBXBuildFile; fileRef = 75E70546191A187400202D02 /* bus@2x.png */; };
		75E7054B191A192500202D02 /* BusStopAnnotation.m in Sources */ = {isa = PBXBuildFile; fileRef = 75E7054A191A192500202D02 /* BusStopAnnotation.m */; };
		75FC915819178E04007E5F32 /* Foundation.framework in Frameworks */ = {isa = PBXBuildFile; fileRef = 75FC915719178E04007E5F32 /* Foundation.framework */; };
		75FC915A19178E04007E5F32 /* CoreGraphics.framework in Frameworks */ = {isa = PBXBuildFile; fileRef = 75FC915919178E04007E5F32 /* CoreGraphics.framework */; };
		75FC915C19178E04007E5F32 /* UIKit.framework in Frameworks */ = {isa = PBXBuildFile; fileRef = 75FC915B19178E04007E5F32 /* UIKit.framework */; };
		75FC916219178E04007E5F32 /* InfoPlist.strings in Resources */ = {isa = PBXBuildFile; fileRef = 75FC916019178E04007E5F32 /* InfoPlist.strings */; };
		75FC916419178E04007E5F32 /* main.m in Sources */ = {isa = PBXBuildFile; fileRef = 75FC916319178E04007E5F32 /* main.m */; };
		75FC916819178E04007E5F32 /* AppDelegate.m in Sources */ = {isa = PBXBuildFile; fileRef = 75FC916719178E04007E5F32 /* AppDelegate.m */; };
		75FC916B19178E04007E5F32 /* Main.storyboard in Resources */ = {isa = PBXBuildFile; fileRef = 75FC916919178E04007E5F32 /* Main.storyboard */; };
		75FC917019178E04007E5F32 /* Images.xcassets in Resources */ = {isa = PBXBuildFile; fileRef = 75FC916F19178E04007E5F32 /* Images.xcassets */; };
		75FC917719178E04007E5F32 /* XCTest.framework in Frameworks */ = {isa = PBXBuildFile; fileRef = 75FC917619178E04007E5F32 /* XCTest.framework */; };
		75FC917819178E04007E5F32 /* Foundation.framework in Frameworks */ = {isa = PBXBuildFile; fileRef = 75FC915719178E04007E5F32 /* Foundation.framework */; };
		75FC917919178E04007E5F32 /* UIKit.framework in Frameworks */ = {isa = PBXBuildFile; fileRef = 75FC915B19178E04007E5F32 /* UIKit.framework */; };
		75FC918119178E04007E5F32 /* InfoPlist.strings in Resources */ = {isa = PBXBuildFile; fileRef = 75FC917F19178E04007E5F32 /* InfoPlist.strings */; };
		75FC918319178E04007E5F32 /* LocationExampleTests.m in Sources */ = {isa = PBXBuildFile; fileRef = 75FC918219178E04007E5F32 /* LocationExampleTests.m */; };
		75FC918D19178E20007E5F32 /* CoreLocation.framework in Frameworks */ = {isa = PBXBuildFile; fileRef = 75FC918C19178E20007E5F32 /* CoreLocation.framework */; };
		75FC918F19178E26007E5F32 /* MapKit.framework in Frameworks */ = {isa = PBXBuildFile; fileRef = 75FC918E19178E26007E5F32 /* MapKit.framework */; };
		75FC919219178E4A007E5F32 /* CoreLocationViewController.m in Sources */ = {isa = PBXBuildFile; fileRef = 75FC919119178E4A007E5F32 /* CoreLocationViewController.m */; };
		75FC91961917B1E0007E5F32 /* hamburger.png in Resources */ = {isa = PBXBuildFile; fileRef = 75FC91941917B1E0007E5F32 /* hamburger.png */; };
		75FC91971917B1E0007E5F32 /* hamburger@2x.png in Resources */ = {isa = PBXBuildFile; fileRef = 75FC91951917B1E0007E5F32 /* hamburger@2x.png */; };
/* End PBXBuildFile section */

/* Begin PBXContainerItemProxy section */
		75FC917A19178E04007E5F32 /* PBXContainerItemProxy */ = {
			isa = PBXContainerItemProxy;
			containerPortal = 75FC914C19178E04007E5F32 /* Project object */;
			proxyType = 1;
			remoteGlobalIDString = 75FC915319178E04007E5F32;
			remoteInfo = LocationExample;
		};
/* End PBXContainerItemProxy section */

/* Begin PBXFileReference section */
		75A3293019191BF9003B3E93 /* MapAnnotationDemonstrationViewController.h */ = {isa = PBXFileReference; fileEncoding = 4; lastKnownFileType = sourcecode.c.h; path = MapAnnotationDemonstrationViewController.h; sourceTree = "<group>"; };
		75A3293119191BF9003B3E93 /* MapAnnotationDemonstrationViewController.m */ = {isa = PBXFileReference; fileEncoding = 4; lastKnownFileType = sourcecode.c.objc; path = MapAnnotationDemonstrationViewController.m; sourceTree = "<group>"; };
		75A3293419191CA7003B3E93 /* RestaurantAnnotation.h */ = {isa = PBXFileReference; fileEncoding = 4; lastKnownFileType = sourcecode.c.h; path = RestaurantAnnotation.h; sourceTree = "<group>"; };
		75A3293519191CA7003B3E93 /* RestaurantAnnotation.m */ = {isa = PBXFileReference; fileEncoding = 4; lastKnownFileType = sourcecode.c.objc; path = RestaurantAnnotation.m; sourceTree = "<group>"; };
		75E70545191A187400202D02 /* bus.png */ = {isa = PBXFileReference; lastKnownFileType = image.png; name = bus.png; path = Images/bus.png; sourceTree = "<group>"; };
		75E70546191A187400202D02 /* bus@2x.png */ = {isa = PBXFileReference; lastKnownFileType = image.png; name = "bus@2x.png"; path = "Images/bus@2x.png"; sourceTree = "<group>"; };
		75E70549191A192500202D02 /* BusStopAnnotation.h */ = {isa = PBXFileReference; fileEncoding = 4; lastKnownFileType = sourcecode.c.h; path = BusStopAnnotation.h; sourceTree = "<group>"; };
		75E7054A191A192500202D02 /* BusStopAnnotation.m */ = {isa = PBXFileReference; fileEncoding = 4; lastKnownFileType = sourcecode.c.objc; path = BusStopAnnotation.m; sourceTree = "<group>"; };
		75FC915419178E04007E5F32 /* LocationExample.app */ = {isa = PBXFileReference; explicitFileType = wrapper.application; includeInIndex = 0; path = LocationExample.app; sourceTree = BUILT_PRODUCTS_DIR; };
		75FC915719178E04007E5F32 /* Foundation.framework */ = {isa = PBXFileReference; lastKnownFileType = wrapper.framework; name = Foundation.framework; path = System/Library/Frameworks/Foundation.framework; sourceTree = SDKROOT; };
		75FC915919178E04007E5F32 /* CoreGraphics.framework */ = {isa = PBXFileReference; lastKnownFileType = wrapper.framework; name = CoreGraphics.framework; path = System/Library/Frameworks/CoreGraphics.framework; sourceTree = SDKROOT; };
		75FC915B19178E04007E5F32 /* UIKit.framework */ = {isa = PBXFileReference; lastKnownFileType = wrapper.framework; name = UIKit.framework; path = System/Library/Frameworks/UIKit.framework; sourceTree = SDKROOT; };
		75FC915F19178E04007E5F32 /* LocationExample-Info.plist */ = {isa = PBXFileReference; lastKnownFileType = text.plist.xml; path = "LocationExample-Info.plist"; sourceTree = "<group>"; };
		75FC916119178E04007E5F32 /* en */ = {isa = PBXFileReference; lastKnownFileType = text.plist.strings; name = en; path = en.lproj/InfoPlist.strings; sourceTree = "<group>"; };
		75FC916319178E04007E5F32 /* main.m */ = {isa = PBXFileReference; lastKnownFileType = sourcecode.c.objc; path = main.m; sourceTree = "<group>"; };
		75FC916519178E04007E5F32 /* LocationExample-Prefix.pch */ = {isa = PBXFileReference; lastKnownFileType = sourcecode.c.h; path = "LocationExample-Prefix.pch"; sourceTree = "<group>"; };
		75FC916619178E04007E5F32 /* AppDelegate.h */ = {isa = PBXFileReference; lastKnownFileType = sourcecode.c.h; path = AppDelegate.h; sourceTree = "<group>"; };
		75FC916719178E04007E5F32 /* AppDelegate.m */ = {isa = PBXFileReference; lastKnownFileType = sourcecode.c.objc; path = AppDelegate.m; sourceTree = "<group>"; };
		75FC916A19178E04007E5F32 /* Base */ = {isa = PBXFileReference; lastKnownFileType = file.storyboard; name = Base; path = Base.lproj/Main.storyboard; sourceTree = "<group>"; };
		75FC916F19178E04007E5F32 /* Images.xcassets */ = {isa = PBXFileReference; lastKnownFileType = folder.assetcatalog; path = Images.xcassets; sourceTree = "<group>"; };
		75FC917519178E04007E5F32 /* LocationExampleTests.xctest */ = {isa = PBXFileReference; explicitFileType = wrapper.cfbundle; includeInIndex = 0; path = LocationExampleTests.xctest; sourceTree = BUILT_PRODUCTS_DIR; };
		75FC917619178E04007E5F32 /* XCTest.framework */ = {isa = PBXFileReference; lastKnownFileType = wrapper.framework; name = XCTest.framework; path = Library/Frameworks/XCTest.framework; sourceTree = DEVELOPER_DIR; };
		75FC917E19178E04007E5F32 /* LocationExampleTests-Info.plist */ = {isa = PBXFileReference; lastKnownFileType = text.plist.xml; path = "LocationExampleTests-Info.plist"; sourceTree = "<group>"; };
		75FC918019178E04007E5F32 /* en */ = {isa = PBXFileReference; lastKnownFileType = text.plist.strings; name = en; path = en.lproj/InfoPlist.strings; sourceTree = "<group>"; };
		75FC918219178E04007E5F32 /* LocationExampleTests.m */ = {isa = PBXFileReference; lastKnownFileType = sourcecode.c.objc; path = LocationExampleTests.m; sourceTree = "<group>"; };
		75FC918C19178E20007E5F32 /* CoreLocation.framework */ = {isa = PBXFileReference; lastKnownFileType = wrapper.framework; name = CoreLocation.framework; path = System/Library/Frameworks/CoreLocation.framework; sourceTree = SDKROOT; };
		75FC918E19178E26007E5F32 /* MapKit.framework */ = {isa = PBXFileReference; lastKnownFileType = wrapper.framework; name = MapKit.framework; path = System/Library/Frameworks/MapKit.framework; sourceTree = SDKROOT; };
		75FC919019178E4A007E5F32 /* CoreLocationViewController.h */ = {isa = PBXFileReference; fileEncoding = 4; lastKnownFileType = sourcecode.c.h; path = CoreLocationViewController.h; sourceTree = "<group>"; };
		75FC919119178E4A007E5F32 /* CoreLocationViewController.m */ = {isa = PBXFileReference; fileEncoding = 4; lastKnownFileType = sourcecode.c.objc; path = CoreLocationViewController.m; sourceTree = "<group>"; };
		75FC91941917B1E0007E5F32 /* hamburger.png */ = {isa = PBXFileReference; lastKnownFileType = image.png; name = hamburger.png; path = Images/hamburger.png; sourceTree = "<group>"; };
		75FC91951917B1E0007E5F32 /* hamburger@2x.png */ = {isa = PBXFileReference; lastKnownFileType = image.png; name = "hamburger@2x.png"; path = "Images/hamburger@2x.png"; sourceTree = "<group>"; };
/* End PBXFileReference section */

/* Begin PBXFrameworksBuildPhase section */
		75FC915119178E04007E5F32 /* Frameworks */ = {
			isa = PBXFrameworksBuildPhase;
			buildActionMask = 2147483647;
			files = (
				75FC918F19178E26007E5F32 /* MapKit.framework in Frameworks */,
				75FC918D19178E20007E5F32 /* CoreLocation.framework in Frameworks */,
				75FC915A19178E04007E5F32 /* CoreGraphics.framework in Frameworks */,
				75FC915C19178E04007E5F32 /* UIKit.framework in Frameworks */,
				75FC915819178E04007E5F32 /* Foundation.framework in Frameworks */,
			);
			runOnlyForDeploymentPostprocessing = 0;
		};
		75FC917219178E04007E5F32 /* Frameworks */ = {
			isa = PBXFrameworksBuildPhase;
			buildActionMask = 2147483647;
			files = (
				75FC917719178E04007E5F32 /* XCTest.framework in Frameworks */,
				75FC917919178E04007E5F32 /* UIKit.framework in Frameworks */,
				75FC917819178E04007E5F32 /* Foundation.framework in Frameworks */,
			);
			runOnlyForDeploymentPostprocessing = 0;
		};
/* End PBXFrameworksBuildPhase section */

/* Begin PBXGroup section */
		75A3292F19191AE4003B3E93 /* ViewControllers */ = {
			isa = PBXGroup;
			children = (
				75FC919019178E4A007E5F32 /* CoreLocationViewController.h */,
				75FC919119178E4A007E5F32 /* CoreLocationViewController.m */,
				75A3293019191BF9003B3E93 /* MapAnnotationDemonstrationViewController.h */,
				75A3293119191BF9003B3E93 /* MapAnnotationDemonstrationViewController.m */,
			);
			name = ViewControllers;
			sourceTree = "<group>";
		};
		75A3293319191C8D003B3E93 /* Annotations */ = {
			isa = PBXGroup;
			children = (
				75A3293419191CA7003B3E93 /* RestaurantAnnotation.h */,
				75A3293519191CA7003B3E93 /* RestaurantAnnotation.m */,
				75E70549191A192500202D02 /* BusStopAnnotation.h */,
				75E7054A191A192500202D02 /* BusStopAnnotation.m */,
			);
			name = Annotations;
			sourceTree = "<group>";
		};
		75FC914B19178E04007E5F32 = {
			isa = PBXGroup;
			children = (
				75FC915D19178E04007E5F32 /* LocationExample */,
				75FC917C19178E04007E5F32 /* LocationExampleTests */,
				75FC915619178E04007E5F32 /* Frameworks */,
				75FC915519178E04007E5F32 /* Products */,
			);
			sourceTree = "<group>";
		};
		75FC915519178E04007E5F32 /* Products */ = {
			isa = PBXGroup;
			children = (
				75FC915419178E04007E5F32 /* LocationExample.app */,
				75FC917519178E04007E5F32 /* LocationExampleTests.xctest */,
			);
			name = Products;
			sourceTree = "<group>";
		};
		75FC915619178E04007E5F32 /* Frameworks */ = {
			isa = PBXGroup;
			children = (
				75FC918E19178E26007E5F32 /* MapKit.framework */,
				75FC918C19178E20007E5F32 /* CoreLocation.framework */,
				75FC915719178E04007E5F32 /* Foundation.framework */,
				75FC915919178E04007E5F32 /* CoreGraphics.framework */,
				75FC915B19178E04007E5F32 /* UIKit.framework */,
				75FC917619178E04007E5F32 /* XCTest.framework */,
			);
			name = Frameworks;
			sourceTree = "<group>";
		};
		75FC915D19178E04007E5F32 /* LocationExample */ = {
			isa = PBXGroup;
			children = (
				75A3293319191C8D003B3E93 /* Annotations */,
				75A3292F19191AE4003B3E93 /* ViewControllers */,
				75FC91931917B1D3007E5F32 /* Images */,
				75FC916619178E04007E5F32 /* AppDelegate.h */,
				75FC916719178E04007E5F32 /* AppDelegate.m */,
				75FC916919178E04007E5F32 /* Main.storyboard */,
				75FC916F19178E04007E5F32 /* Images.xcassets */,
				75FC915E19178E04007E5F32 /* Supporting Files */,
			);
			path = LocationExample;
			sourceTree = "<group>";
		};
		75FC915E19178E04007E5F32 /* Supporting Files */ = {
			isa = PBXGroup;
			children = (
				75FC915F19178E04007E5F32 /* LocationExample-Info.plist */,
				75FC916019178E04007E5F32 /* InfoPlist.strings */,
				75FC916319178E04007E5F32 /* main.m */,
				75FC916519178E04007E5F32 /* LocationExample-Prefix.pch */,
			);
			name = "Supporting Files";
			sourceTree = "<group>";
		};
		75FC917C19178E04007E5F32 /* LocationExampleTests */ = {
			isa = PBXGroup;
			children = (
				75FC918219178E04007E5F32 /* LocationExampleTests.m */,
				75FC917D19178E04007E5F32 /* Supporting Files */,
			);
			path = LocationExampleTests;
			sourceTree = "<group>";
		};
		75FC917D19178E04007E5F32 /* Supporting Files */ = {
			isa = PBXGroup;
			children = (
				75FC917E19178E04007E5F32 /* LocationExampleTests-Info.plist */,
				75FC917F19178E04007E5F32 /* InfoPlist.strings */,
			);
			name = "Supporting Files";
			sourceTree = "<group>";
		};
		75FC91931917B1D3007E5F32 /* Images */ = {
			isa = PBXGroup;
			children = (
				75E70545191A187400202D02 /* bus.png */,
				75E70546191A187400202D02 /* bus@2x.png */,
				75FC91941917B1E0007E5F32 /* hamburger.png */,
				75FC91951917B1E0007E5F32 /* hamburger@2x.png */,
			);
			name = Images;
			sourceTree = "<group>";
		};
/* End PBXGroup section */

/* Begin PBXNativeTarget section */
		75FC915319178E04007E5F32 /* LocationExample */ = {
			isa = PBXNativeTarget;
			buildConfigurationList = 75FC918619178E04007E5F32 /* Build configuration list for PBXNativeTarget "LocationExample" */;
			buildPhases = (
				75FC915019178E04007E5F32 /* Sources */,
				75FC915119178E04007E5F32 /* Frameworks */,
				75FC915219178E04007E5F32 /* Resources */,
			);
			buildRules = (
			);
			dependencies = (
			);
			name = LocationExample;
			productName = LocationExample;
			productReference = 75FC915419178E04007E5F32 /* LocationExample.app */;
			productType = "com.apple.product-type.application";
		};
		75FC917419178E04007E5F32 /* LocationExampleTests */ = {
			isa = PBXNativeTarget;
			buildConfigurationList = 75FC918919178E04007E5F32 /* Build configuration list for PBXNativeTarget "LocationExampleTests" */;
			buildPhases = (
				75FC917119178E04007E5F32 /* Sources */,
				75FC917219178E04007E5F32 /* Frameworks */,
				75FC917319178E04007E5F32 /* Resources */,
			);
			buildRules = (
			);
			dependencies = (
				75FC917B19178E04007E5F32 /* PBXTargetDependency */,
			);
			name = LocationExampleTests;
			productName = LocationExampleTests;
			productReference = 75FC917519178E04007E5F32 /* LocationExampleTests.xctest */;
			productType = "com.apple.product-type.bundle.unit-test";
		};
/* End PBXNativeTarget section */

/* Begin PBXProject section */
		75FC914C19178E04007E5F32 /* Project object */ = {
			isa = PBXProject;
			attributes = {
				LastUpgradeCheck = 0510;
				ORGANIZATIONNAME = "Viktor Jenei";
				TargetAttributes = {
					75FC915319178E04007E5F32 = {
						SystemCapabilities = {
							com.apple.BackgroundModes = {
								enabled = 1;
							};
						};
					};
					75FC917419178E04007E5F32 = {
						TestTargetID = 75FC915319178E04007E5F32;
					};
				};
			};
			buildConfigurationList = 75FC914F19178E04007E5F32 /* Build configuration list for PBXProject "LocationExample" */;
			compatibilityVersion = "Xcode 3.2";
			developmentRegion = English;
			hasScannedForEncodings = 0;
			knownRegions = (
				en,
				Base,
			);
			mainGroup = 75FC914B19178E04007E5F32;
			productRefGroup = 75FC915519178E04007E5F32 /* Products */;
			projectDirPath = "";
			projectRoot = "";
			targets = (
				75FC915319178E04007E5F32 /* LocationExample */,
				75FC917419178E04007E5F32 /* LocationExampleTests */,
			);
		};
/* End PBXProject section */

/* Begin PBXResourcesBuildPhase section */
		75FC915219178E04007E5F32 /* Resources */ = {
			isa = PBXResourcesBuildPhase;
			buildActionMask = 2147483647;
			files = (
				75E70547191A187400202D02 /* bus.png in Resources */,
				75FC917019178E04007E5F32 /* Images.xcassets in Resources */,
				75FC91971917B1E0007E5F32 /* hamburger@2x.png in Resources */,
				75FC91961917B1E0007E5F32 /* hamburger.png in Resources */,
				75E70548191A187400202D02 /* bus@2x.png in Resources */,
				75FC916219178E04007E5F32 /* InfoPlist.strings in Resources */,
				75FC916B19178E04007E5F32 /* Main.storyboard in Resources */,
			);
			runOnlyForDeploymentPostprocessing = 0;
		};
		75FC917319178E04007E5F32 /* Resources */ = {
			isa = PBXResourcesBuildPhase;
			buildActionMask = 2147483647;
			files = (
				75FC918119178E04007E5F32 /* InfoPlist.strings in Resources */,
			);
			runOnlyForDeploymentPostprocessing = 0;
		};
/* End PBXResourcesBuildPhase section */

/* Begin PBXSourcesBuildPhase section */
		75FC915019178E04007E5F32 /* Sources */ = {
			isa = PBXSourcesBuildPhase;
			buildActionMask = 2147483647;
			files = (
				75A3293619191CA7003B3E93 /* RestaurantAnnotation.m in Sources */,
				75E7054B191A192500202D02 /* BusStopAnnotation.m in Sources */,
				75A3293219191BF9003B3E93 /* MapAnnotationDemonstrationViewController.m in Sources */,
				75FC919219178E4A007E5F32 /* CoreLocationViewController.m in Sources */,
				75FC916819178E04007E5F32 /* AppDelegate.m in Sources */,
				75FC916419178E04007E5F32 /* main.m in Sources */,
			);
			runOnlyForDeploymentPostprocessing = 0;
		};
		75FC917119178E04007E5F32 /* Sources */ = {
			isa = PBXSourcesBuildPhase;
			buildActionMask = 2147483647;
			files = (
				75FC918319178E04007E5F32 /* LocationExampleTests.m in Sources */,
			);
			runOnlyForDeploymentPostprocessing = 0;
		};
/* End PBXSourcesBuildPhase section */

/* Begin PBXTargetDependency section */
		75FC917B19178E04007E5F32 /* PBXTargetDependency */ = {
			isa = PBXTargetDependency;
			target = 75FC915319178E04007E5F32 /* LocationExample */;
			targetProxy = 75FC917A19178E04007E5F32 /* PBXContainerItemProxy */;
		};
/* End PBXTargetDependency section */

/* Begin PBXVariantGroup section */
		75FC916019178E04007E5F32 /* InfoPlist.strings */ = {
			isa = PBXVariantGroup;
			children = (
				75FC916119178E04007E5F32 /* en */,
			);
			name = InfoPlist.strings;
			sourceTree = "<group>";
		};
		75FC916919178E04007E5F32 /* Main.storyboard */ = {
			isa = PBXVariantGroup;
			children = (
				75FC916A19178E04007E5F32 /* Base */,
			);
			name = Main.storyboard;
			sourceTree = "<group>";
		};
		75FC917F19178E04007E5F32 /* InfoPlist.strings */ = {
			isa = PBXVariantGroup;
			children = (
				75FC918019178E04007E5F32 /* en */,
			);
			name = InfoPlist.strings;
			sourceTree = "<group>";
		};
/* End PBXVariantGroup section */

/* Begin XCBuildConfiguration section */
		75FC918419178E04007E5F32 /* Debug */ = {
			isa = XCBuildConfiguration;
			buildSettings = {
				ALWAYS_SEARCH_USER_PATHS = NO;
				CLANG_CXX_LANGUAGE_STANDARD = "gnu++0x";
				CLANG_CXX_LIBRARY = "libc++";
				CLANG_ENABLE_MODULES = YES;
				CLANG_ENABLE_OBJC_ARC = YES;
				CLANG_WARN_BOOL_CONVERSION = YES;
				CLANG_WARN_CONSTANT_CONVERSION = YES;
				CLANG_WARN_DIRECT_OBJC_ISA_USAGE = YES_ERROR;
				CLANG_WARN_EMPTY_BODY = YES;
				CLANG_WARN_ENUM_CONVERSION = YES;
				CLANG_WARN_INT_CONVERSION = YES;
				CLANG_WARN_OBJC_ROOT_CLASS = YES_ERROR;
				CLANG_WARN__DUPLICATE_METHOD_MATCH = YES;
				"CODE_SIGN_IDENTITY[sdk=iphoneos*]" = "iPhone Developer";
				COPY_PHASE_STRIP = NO;
				GCC_C_LANGUAGE_STANDARD = gnu99;
				GCC_DYNAMIC_NO_PIC = NO;
				GCC_OPTIMIZATION_LEVEL = 0;
				GCC_PREPROCESSOR_DEFINITIONS = (
					"DEBUG=1",
					"$(inherited)",
				);
				GCC_SYMBOLS_PRIVATE_EXTERN = NO;
				GCC_WARN_64_TO_32_BIT_CONVERSION = YES;
				GCC_WARN_ABOUT_RETURN_TYPE = YES_ERROR;
				GCC_WARN_UNDECLARED_SELECTOR = YES;
				GCC_WARN_UNINITIALIZED_AUTOS = YES_AGGRESSIVE;
				GCC_WARN_UNUSED_FUNCTION = YES;
				GCC_WARN_UNUSED_VARIABLE = YES;
				IPHONEOS_DEPLOYMENT_TARGET = 7.1;
				ONLY_ACTIVE_ARCH = YES;
				SDKROOT = iphoneos;
			};
			name = Debug;
		};
		75FC918519178E04007E5F32 /* Release */ = {
			isa = XCBuildConfiguration;
			buildSettings = {
				ALWAYS_SEARCH_USER_PATHS = NO;
				CLANG_CXX_LANGUAGE_STANDARD = "gnu++0x";
				CLANG_CXX_LIBRARY = "libc++";
				CLANG_ENABLE_MODULES = YES;
				CLANG_ENABLE_OBJC_ARC = YES;
				CLANG_WARN_BOOL_CONVERSION = YES;
				CLANG_WARN_CONSTANT_CONVERSION = YES;
				CLANG_WARN_DIRECT_OBJC_ISA_USAGE = YES_ERROR;
				CLANG_WARN_EMPTY_BODY = YES;
				CLANG_WARN_ENUM_CONVERSION = YES;
				CLANG_WARN_INT_CONVERSION = YES;
				CLANG_WARN_OBJC_ROOT_CLASS = YES_ERROR;
				CLANG_WARN__DUPLICATE_METHOD_MATCH = YES;
				"CODE_SIGN_IDENTITY[sdk=iphoneos*]" = "iPhone Developer";
				COPY_PHASE_STRIP = YES;
				ENABLE_NS_ASSERTIONS = NO;
				GCC_C_LANGUAGE_STANDARD = gnu99;
				GCC_WARN_64_TO_32_BIT_CONVERSION = YES;
				GCC_WARN_ABOUT_RETURN_TYPE = YES_ERROR;
				GCC_WARN_UNDECLARED_SELECTOR = YES;
				GCC_WARN_UNINITIALIZED_AUTOS = YES_AGGRESSIVE;
				GCC_WARN_UNUSED_FUNCTION = YES;
				GCC_WARN_UNUSED_VARIABLE = YES;
				IPHONEOS_DEPLOYMENT_TARGET = 7.1;
				SDKROOT = iphoneos;
				VALIDATE_PRODUCT = YES;
			};
			name = Release;
		};
		75FC918719178E04007E5F32 /* Debug */ = {
			isa = XCBuildConfiguration;
			buildSettings = {
				ASSETCATALOG_COMPILER_APPICON_NAME = AppIcon;
				ASSETCATALOG_COMPILER_LAUNCHIMAGE_NAME = LaunchImage;
				GCC_PRECOMPILE_PREFIX_HEADER = YES;
				GCC_PREFIX_HEADER = "LocationExample/LocationExample-Prefix.pch";
				INFOPLIST_FILE = "LocationExample/LocationExample-Info.plist";
				PRODUCT_NAME = "$(TARGET_NAME)";
				WRAPPER_EXTENSION = app;
			};
			name = Debug;
		};
		75FC918819178E04007E5F32 /* Release */ = {
			isa = XCBuildConfiguration;
			buildSettings = {
				ASSETCATALOG_COMPILER_APPICON_NAME = AppIcon;
				ASSETCATALOG_COMPILER_LAUNCHIMAGE_NAME = LaunchImage;
				GCC_PRECOMPILE_PREFIX_HEADER = YES;
				GCC_PREFIX_HEADER = "LocationExample/LocationExample-Prefix.pch";
				INFOPLIST_FILE = "LocationExample/LocationExample-Info.plist";
				PRODUCT_NAME = "$(TARGET_NAME)";
				WRAPPER_EXTENSION = app;
			};
			name = Release;
		};
		75FC918A19178E04007E5F32 /* Debug */ = {
			isa = XCBuildConfiguration;
			buildSettings = {
				BUNDLE_LOADER = "$(BUILT_PRODUCTS_DIR)/LocationExample.app/LocationExample";
				FRAMEWORK_SEARCH_PATHS = (
					"$(SDKROOT)/Developer/Library/Frameworks",
					"$(inherited)",
					"$(DEVELOPER_FRAMEWORKS_DIR)",
				);
				GCC_PRECOMPILE_PREFIX_HEADER = YES;
				GCC_PREFIX_HEADER = "LocationExample/LocationExample-Prefix.pch";
				GCC_PREPROCESSOR_DEFINITIONS = (
					"DEBUG=1",
					"$(inherited)",
				);
				INFOPLIST_FILE = "LocationExampleTests/LocationExampleTests-Info.plist";
				PRODUCT_NAME = "$(TARGET_NAME)";
				TEST_HOST = "$(BUNDLE_LOADER)";
				WRAPPER_EXTENSION = xctest;
			};
			name = Debug;
		};
		75FC918B19178E04007E5F32 /* Release */ = {
			isa = XCBuildConfiguration;
			buildSettings = {
				BUNDLE_LOADER = "$(BUILT_PRODUCTS_DIR)/LocationExample.app/LocationExample";
				FRAMEWORK_SEARCH_PATHS = (
					"$(SDKROOT)/Developer/Library/Frameworks",
					"$(inherited)",
					"$(DEVELOPER_FRAMEWORKS_DIR)",
				);
				GCC_PRECOMPILE_PREFIX_HEADER = YES;
				GCC_PREFIX_HEADER = "LocationExample/LocationExample-Prefix.pch";
				INFOPLIST_FILE = "LocationExampleTests/LocationExampleTests-Info.plist";
				PRODUCT_NAME = "$(TARGET_NAME)";
				TEST_HOST = "$(BUNDLE_LOADER)";
				WRAPPER_EXTENSION = xctest;
			};
			name = Release;
		};
/* End XCBuildConfiguration section */

/* Begin XCConfigurationList section */
		75FC914F19178E04007E5F32 /* Build configuration list for PBXProject "LocationExample" */ = {
			isa = XCConfigurationList;
			buildConfigurations = (
				75FC918419178E04007E5F32 /* Debug */,
				75FC918519178E04007E5F32 /* Release */,
			);
			defaultConfigurationIsVisible = 0;
			defaultConfigurationName = Release;
		};
		75FC918619178E04007E5F32 /* Build configuration list for PBXNativeTarget "LocationExample" */ = {
			isa = XCConfigurationList;
			buildConfigurations = (
				75FC918719178E04007E5F32 /* Debug */,
				75FC918819178E04007E5F32 /* Release */,
			);
			defaultConfigurationIsVisible = 0;
			defaultConfigurationName = Release;
		};
		75FC918919178E04007E5F32 /* Build configuration list for PBXNativeTarget "LocationExampleTests" */ = {
			isa = XCConfigurationList;
			buildConfigurations = (
				75FC918A19178E04007E5F32 /* Debug */,
				75FC918B19178E04007E5F32 /* Release */,
			);
			defaultConfigurationIsVisible = 0;
			defaultConfigurationName = Release;
		};
/* End XCConfigurationList section */
	};
	rootObject = 75FC914C19178E04007E5F32 /* Project object */;
}
