// !$*UTF8*$!
{
	archiveVersion = 1;
	classes = {
	};
	objectVersion = 46;
	objects = {

/* Begin PBXBuildFile section */
		75E70559191A62C300202D02 /* Foundation.framework in Frameworks */ = {isa = PBXBuildFile; fileRef = 75E70558191A62C300202D02 /* Foundation.framework */; };
		75E7055B191A62C300202D02 /* CoreGraphics.framework in Frameworks */ = {isa = PBXBuildFile; fileRef = 75E7055A191A62C300202D02 /* CoreGraphics.framework */; };
		75E7055D191A62C300202D02 /* UIKit.framework in Frameworks */ = {isa = PBXBuildFile; fileRef = 75E7055C191A62C300202D02 /* UIKit.framework */; };
		75E70563191A62C300202D02 /* InfoPlist.strings in Resources */ = {isa = PBXBuildFile; fileRef = 75E70561191A62C300202D02 /* InfoPlist.strings */; };
		75E70565191A62C300202D02 /* main.m in Sources */ = {isa = PBXBuildFile; fileRef = 75E70564191A62C300202D02 /* main.m */; };
		75E70569191A62C300202D02 /* AppDelegate.m in Sources */ = {isa = PBXBuildFile; fileRef = 75E70568191A62C300202D02 /* AppDelegate.m */; };
		75E7056C191A62C300202D02 /* Main.storyboard in Resources */ = {isa = PBXBuildFile; fileRef = 75E7056A191A62C300202D02 /* Main.storyboard */; };
		75E70571191A62C300202D02 /* Images.xcassets in Resources */ = {isa = PBXBuildFile; fileRef = 75E70570191A62C300202D02 /* Images.xcassets */; };
		75E70578191A62C300202D02 /* XCTest.framework in Frameworks */ = {isa = PBXBuildFile; fileRef = 75E70577191A62C300202D02 /* XCTest.framework */; };
		75E70579191A62C300202D02 /* Foundation.framework in Frameworks */ = {isa = PBXBuildFile; fileRef = 75E70558191A62C300202D02 /* Foundation.framework */; };
		75E7057A191A62C300202D02 /* UIKit.framework in Frameworks */ = {isa = PBXBuildFile; fileRef = 75E7055C191A62C300202D02 /* UIKit.framework */; };
		75E70582191A62C300202D02 /* InfoPlist.strings in Resources */ = {isa = PBXBuildFile; fileRef = 75E70580191A62C300202D02 /* InfoPlist.strings */; };
		75E70584191A62C300202D02 /* ThreadingDemonstrationTests.m in Sources */ = {isa = PBXBuildFile; fileRef = 75E70583191A62C300202D02 /* ThreadingDemonstrationTests.m */; };
		75E70590191A65D800202D02 /* FileHelper.m in Sources */ = {isa = PBXBuildFile; fileRef = 75E7058F191A65D800202D02 /* FileHelper.m */; };
		75E70593191A68B900202D02 /* ImageFactory.m in Sources */ = {isa = PBXBuildFile; fileRef = 75E70592191A68B900202D02 /* ImageFactory.m */; };
/* End PBXBuildFile section */

/* Begin PBXContainerItemProxy section */
		75E7057B191A62C300202D02 /* PBXContainerItemProxy */ = {
			isa = PBXContainerItemProxy;
			containerPortal = 75E7054D191A62C300202D02 /* Project object */;
			proxyType = 1;
			remoteGlobalIDString = 75E70554191A62C300202D02;
			remoteInfo = ThreadingDemonstration;
		};
/* End PBXContainerItemProxy section */

/* Begin PBXFileReference section */
		75E70555191A62C300202D02 /* ThreadingDemonstration.app */ = {isa = PBXFileReference; explicitFileType = wrapper.application; includeInIndex = 0; path = ThreadingDemonstration.app; sourceTree = BUILT_PRODUCTS_DIR; };
		75E70558191A62C300202D02 /* Foundation.framework */ = {isa = PBXFileReference; lastKnownFileType = wrapper.framework; name = Foundation.framework; path = System/Library/Frameworks/Foundation.framework; sourceTree = SDKROOT; };
		75E7055A191A62C300202D02 /* CoreGraphics.framework */ = {isa = PBXFileReference; lastKnownFileType = wrapper.framework; name = CoreGraphics.framework; path = System/Library/Frameworks/CoreGraphics.framework; sourceTree = SDKROOT; };
		75E7055C191A62C300202D02 /* UIKit.framework */ = {isa = PBXFileReference; lastKnownFileType = wrapper.framework; name = UIKit.framework; path = System/Library/Frameworks/UIKit.framework; sourceTree = SDKROOT; };
		75E70560191A62C300202D02 /* ThreadingDemonstration-Info.plist */ = {isa = PBXFileReference; lastKnownFileType = text.plist.xml; path = "ThreadingDemonstration-Info.plist"; sourceTree = "<group>"; };
		75E70562191A62C300202D02 /* en */ = {isa = PBXFileReference; lastKnownFileType = text.plist.strings; name = en; path = en.lproj/InfoPlist.strings; sourceTree = "<group>"; };
		75E70564191A62C300202D02 /* main.m */ = {isa = PBXFileReference; lastKnownFileType = sourcecode.c.objc; path = main.m; sourceTree = "<group>"; };
		75E70566191A62C300202D02 /* ThreadingDemonstration-Prefix.pch */ = {isa = PBXFileReference; lastKnownFileType = sourcecode.c.h; path = "ThreadingDemonstration-Prefix.pch"; sourceTree = "<group>"; };
		75E70567191A62C300202D02 /* AppDelegate.h */ = {isa = PBXFileReference; lastKnownFileType = sourcecode.c.h; path = AppDelegate.h; sourceTree = "<group>"; };
		75E70568191A62C300202D02 /* AppDelegate.m */ = {isa = PBXFileReference; lastKnownFileType = sourcecode.c.objc; path = AppDelegate.m; sourceTree = "<group>"; };
		75E7056B191A62C300202D02 /* Base */ = {isa = PBXFileReference; lastKnownFileType = file.storyboard; name = Base; path = Base.lproj/Main.storyboard; sourceTree = "<group>"; };
		75E70570191A62C300202D02 /* Images.xcassets */ = {isa = PBXFileReference; lastKnownFileType = folder.assetcatalog; path = Images.xcassets; sourceTree = "<group>"; };
		75E70576191A62C300202D02 /* ThreadingDemonstrationTests.xctest */ = {isa = PBXFileReference; explicitFileType = wrapper.cfbundle; includeInIndex = 0; path = ThreadingDemonstrationTests.xctest; sourceTree = BUILT_PRODUCTS_DIR; };
		75E70577191A62C300202D02 /* XCTest.framework */ = {isa = PBXFileReference; lastKnownFileType = wrapper.framework; name = XCTest.framework; path = Library/Frameworks/XCTest.framework; sourceTree = DEVELOPER_DIR; };
		75E7057F191A62C300202D02 /* ThreadingDemonstrationTests-Info.plist */ = {isa = PBXFileReference; lastKnownFileType = text.plist.xml; path = "ThreadingDemonstrationTests-Info.plist"; sourceTree = "<group>"; };
		75E70581191A62C300202D02 /* en */ = {isa = PBXFileReference; lastKnownFileType = text.plist.strings; name = en; path = en.lproj/InfoPlist.strings; sourceTree = "<group>"; };
		75E70583191A62C300202D02 /* ThreadingDemonstrationTests.m */ = {isa = PBXFileReference; lastKnownFileType = sourcecode.c.objc; path = ThreadingDemonstrationTests.m; sourceTree = "<group>"; };
		75E7058E191A65D800202D02 /* FileHelper.h */ = {isa = PBXFileReference; fileEncoding = 4; lastKnownFileType = sourcecode.c.h; name = FileHelper.h; path = Helpers/FileHelper.h; sourceTree = "<group>"; };
		75E7058F191A65D800202D02 /* FileHelper.m */ = {isa = PBXFileReference; fileEncoding = 4; lastKnownFileType = sourcecode.c.objc; name = FileHelper.m; path = Helpers/FileHelper.m; sourceTree = "<group>"; };
		75E70591191A68B900202D02 /* ImageFactory.h */ = {isa = PBXFileReference; fileEncoding = 4; lastKnownFileType = sourcecode.c.h; name = ImageFactory.h; path = Helpers/ImageFactory.h; sourceTree = "<group>"; };
		75E70592191A68B900202D02 /* ImageFactory.m */ = {isa = PBXFileReference; fileEncoding = 4; lastKnownFileType = sourcecode.c.objc; name = ImageFactory.m; path = Helpers/ImageFactory.m; sourceTree = "<group>"; };
/* End PBXFileReference section */

/* Begin PBXFrameworksBuildPhase section */
		75E70552191A62C300202D02 /* Frameworks */ = {
			isa = PBXFrameworksBuildPhase;
			buildActionMask = 2147483647;
			files = (
				75E7055B191A62C300202D02 /* CoreGraphics.framework in Frameworks */,
				75E7055D191A62C300202D02 /* UIKit.framework in Frameworks */,
				75E70559191A62C300202D02 /* Foundation.framework in Frameworks */,
			);
			runOnlyForDeploymentPostprocessing = 0;
		};
		75E70573191A62C300202D02 /* Frameworks */ = {
			isa = PBXFrameworksBuildPhase;
			buildActionMask = 2147483647;
			files = (
				75E70578191A62C300202D02 /* XCTest.framework in Frameworks */,
				75E7057A191A62C300202D02 /* UIKit.framework in Frameworks */,
				75E70579191A62C300202D02 /* Foundation.framework in Frameworks */,
			);
			runOnlyForDeploymentPostprocessing = 0;
		};
/* End PBXFrameworksBuildPhase section */

/* Begin PBXGroup section */
		75E7054C191A62C300202D02 = {
			isa = PBXGroup;
			children = (
				75E7055E191A62C300202D02 /* ThreadingDemonstration */,
				75E7057D191A62C300202D02 /* ThreadingDemonstrationTests */,
				75E70557191A62C300202D02 /* Frameworks */,
				75E70556191A62C300202D02 /* Products */,
			);
			sourceTree = "<group>";
		};
		75E70556191A62C300202D02 /* Products */ = {
			isa = PBXGroup;
			children = (
				75E70555191A62C300202D02 /* ThreadingDemonstration.app */,
				75E70576191A62C300202D02 /* ThreadingDemonstrationTests.xctest */,
			);
			name = Products;
			sourceTree = "<group>";
		};
		75E70557191A62C300202D02 /* Frameworks */ = {
			isa = PBXGroup;
			children = (
				75E70558191A62C300202D02 /* Foundation.framework */,
				75E7055A191A62C300202D02 /* CoreGraphics.framework */,
				75E7055C191A62C300202D02 /* UIKit.framework */,
				75E70577191A62C300202D02 /* XCTest.framework */,
			);
			name = Frameworks;
			sourceTree = "<group>";
		};
		75E7055E191A62C300202D02 /* ThreadingDemonstration */ = {
			isa = PBXGroup;
			children = (
				75E7058D191A65B600202D02 /* Helpers */,
				75E70567191A62C300202D02 /* AppDelegate.h */,
				75E70568191A62C300202D02 /* AppDelegate.m */,
				75E7056A191A62C300202D02 /* Main.storyboard */,
				75E70570191A62C300202D02 /* Images.xcassets */,
				75E7055F191A62C300202D02 /* Supporting Files */,
			);
			path = ThreadingDemonstration;
			sourceTree = "<group>";
		};
		75E7055F191A62C300202D02 /* Supporting Files */ = {
			isa = PBXGroup;
			children = (
				75E70560191A62C300202D02 /* ThreadingDemonstration-Info.plist */,
				75E70561191A62C300202D02 /* InfoPlist.strings */,
				75E70564191A62C300202D02 /* main.m */,
				75E70566191A62C300202D02 /* ThreadingDemonstration-Prefix.pch */,
			);
			name = "Supporting Files";
			sourceTree = "<group>";
		};
		75E7057D191A62C300202D02 /* ThreadingDemonstrationTests */ = {
			isa = PBXGroup;
			children = (
				75E70583191A62C300202D02 /* ThreadingDemonstrationTests.m */,
				75E7057E191A62C300202D02 /* Supporting Files */,
			);
			path = ThreadingDemonstrationTests;
			sourceTree = "<group>";
		};
		75E7057E191A62C300202D02 /* Supporting Files */ = {
			isa = PBXGroup;
			children = (
				75E7057F191A62C300202D02 /* ThreadingDemonstrationTests-Info.plist */,
				75E70580191A62C300202D02 /* InfoPlist.strings */,
			);
			name = "Supporting Files";
			sourceTree = "<group>";
		};
		75E7058D191A65B600202D02 /* Helpers */ = {
			isa = PBXGroup;
			children = (
				75E7058E191A65D800202D02 /* FileHelper.h */,
				75E7058F191A65D800202D02 /* FileHelper.m */,
				75E70591191A68B900202D02 /* ImageFactory.h */,
				75E70592191A68B900202D02 /* ImageFactory.m */,
			);
			name = Helpers;
			sourceTree = "<group>";
		};
/* End PBXGroup section */

/* Begin PBXNativeTarget section */
		75E70554191A62C300202D02 /* ThreadingDemonstration */ = {
			isa = PBXNativeTarget;
			buildConfigurationList = 75E70587191A62C300202D02 /* Build configuration list for PBXNativeTarget "ThreadingDemonstration" */;
			buildPhases = (
				75E70551191A62C300202D02 /* Sources */,
				75E70552191A62C300202D02 /* Frameworks */,
				75E70553191A62C300202D02 /* Resources */,
			);
			buildRules = (
			);
			dependencies = (
			);
			name = ThreadingDemonstration;
			productName = ThreadingDemonstration;
			productReference = 75E70555191A62C300202D02 /* ThreadingDemonstration.app */;
			productType = "com.apple.product-type.application";
		};
		75E70575191A62C300202D02 /* ThreadingDemonstrationTests */ = {
			isa = PBXNativeTarget;
			buildConfigurationList = 75E7058A191A62C300202D02 /* Build configuration list for PBXNativeTarget "ThreadingDemonstrationTests" */;
			buildPhases = (
				75E70572191A62C300202D02 /* Sources */,
				75E70573191A62C300202D02 /* Frameworks */,
				75E70574191A62C300202D02 /* Resources */,
			);
			buildRules = (
			);
			dependencies = (
				75E7057C191A62C300202D02 /* PBXTargetDependency */,
			);
			name = ThreadingDemonstrationTests;
			productName = ThreadingDemonstrationTests;
			productReference = 75E70576191A62C300202D02 /* ThreadingDemonstrationTests.xctest */;
			productType = "com.apple.product-type.bundle.unit-test";
		};
/* End PBXNativeTarget section */

/* Begin PBXProject section */
		75E7054D191A62C300202D02 /* Project object */ = {
			isa = PBXProject;
			attributes = {
				LastUpgradeCheck = 0510;
				ORGANIZATIONNAME = "Viktor Jenei";
				TargetAttributes = {
					75E70575191A62C300202D02 = {
						TestTargetID = 75E70554191A62C300202D02;
					};
				};
			};
			buildConfigurationList = 75E70550191A62C300202D02 /* Build configuration list for PBXProject "ThreadingDemonstration" */;
			compatibilityVersion = "Xcode 3.2";
			developmentRegion = English;
			hasScannedForEncodings = 0;
			knownRegions = (
				en,
				Base,
			);
			mainGroup = 75E7054C191A62C300202D02;
			productRefGroup = 75E70556191A62C300202D02 /* Products */;
			projectDirPath = "";
			projectRoot = "";
			targets = (
				75E70554191A62C300202D02 /* ThreadingDemonstration */,
				75E70575191A62C300202D02 /* ThreadingDemonstrationTests */,
			);
		};
/* End PBXProject section */

/* Begin PBXResourcesBuildPhase section */
		75E70553191A62C300202D02 /* Resources */ = {
			isa = PBXResourcesBuildPhase;
			buildActionMask = 2147483647;
			files = (
				75E70571191A62C300202D02 /* Images.xcassets in Resources */,
				75E70563191A62C300202D02 /* InfoPlist.strings in Resources */,
				75E7056C191A62C300202D02 /* Main.storyboard in Resources */,
			);
			runOnlyForDeploymentPostprocessing = 0;
		};
		75E70574191A62C300202D02 /* Resources */ = {
			isa = PBXResourcesBuildPhase;
			buildActionMask = 2147483647;
			files = (
				75E70582191A62C300202D02 /* InfoPlist.strings in Resources */,
			);
			runOnlyForDeploymentPostprocessing = 0;
		};
/* End PBXResourcesBuildPhase section */

/* Begin PBXSourcesBuildPhase section */
		75E70551191A62C300202D02 /* Sources */ = {
			isa = PBXSourcesBuildPhase;
			buildActionMask = 2147483647;
			files = (
				75E70593191A68B900202D02 /* ImageFactory.m in Sources */,
				75E70569191A62C300202D02 /* AppDelegate.m in Sources */,
				75E70565191A62C300202D02 /* main.m in Sources */,
				75E70590191A65D800202D02 /* FileHelper.m in Sources */,
			);
			runOnlyForDeploymentPostprocessing = 0;
		};
		75E70572191A62C300202D02 /* Sources */ = {
			isa = PBXSourcesBuildPhase;
			buildActionMask = 2147483647;
			files = (
				75E70584191A62C300202D02 /* ThreadingDemonstrationTests.m in Sources */,
			);
			runOnlyForDeploymentPostprocessing = 0;
		};
/* End PBXSourcesBuildPhase section */

/* Begin PBXTargetDependency section */
		75E7057C191A62C300202D02 /* PBXTargetDependency */ = {
			isa = PBXTargetDependency;
			target = 75E70554191A62C300202D02 /* ThreadingDemonstration */;
			targetProxy = 75E7057B191A62C300202D02 /* PBXContainerItemProxy */;
		};
/* End PBXTargetDependency section */

/* Begin PBXVariantGroup section */
		75E70561191A62C300202D02 /* InfoPlist.strings */ = {
			isa = PBXVariantGroup;
			children = (
				75E70562191A62C300202D02 /* en */,
			);
			name = InfoPlist.strings;
			sourceTree = "<group>";
		};
		75E7056A191A62C300202D02 /* Main.storyboard */ = {
			isa = PBXVariantGroup;
			children = (
				75E7056B191A62C300202D02 /* Base */,
			);
			name = Main.storyboard;
			sourceTree = "<group>";
		};
		75E70580191A62C300202D02 /* InfoPlist.strings */ = {
			isa = PBXVariantGroup;
			children = (
				75E70581191A62C300202D02 /* en */,
			);
			name = InfoPlist.strings;
			sourceTree = "<group>";
		};
/* End PBXVariantGroup section */

/* Begin XCBuildConfiguration section */
		75E70585191A62C300202D02 /* Debug */ = {
			isa = XCBuildConfiguration;
			buildSettings = {
				ALWAYS_SEARCH_USER_PATHS = NO;
				CLANG_CXX_LANGUAGE_STANDARD = "gnu++0x";
				CLANG_CXX_LIBRARY = "libc++";
				CLANG_ENABLE_MODULES = YES;
				CLANG_ENABLE_OBJC_ARC = YES;
				CLANG_WARN_BOOL_CONVERSION = YES;
				CLANG_WARN_CONSTANT_CONVERSION = YES;
				CLANG_WARN_DIRECT_OBJC_ISA_USAGE = YES_ERROR;
				CLANG_WARN_EMPTY_BODY = YES;
				CLANG_WARN_ENUM_CONVERSION = YES;
				CLANG_WARN_INT_CONVERSION = YES;
				CLANG_WARN_OBJC_ROOT_CLASS = YES_ERROR;
				CLANG_WARN__DUPLICATE_METHOD_MATCH = YES;
				"CODE_SIGN_IDENTITY[sdk=iphoneos*]" = "iPhone Developer";
				COPY_PHASE_STRIP = NO;
				GCC_C_LANGUAGE_STANDARD = gnu99;
				GCC_DYNAMIC_NO_PIC = NO;
				GCC_OPTIMIZATION_LEVEL = 0;
				GCC_PREPROCESSOR_DEFINITIONS = (
					"DEBUG=1",
					"$(inherited)",
				);
				GCC_SYMBOLS_PRIVATE_EXTERN = NO;
				GCC_WARN_64_TO_32_BIT_CONVERSION = YES;
				GCC_WARN_ABOUT_RETURN_TYPE = YES_ERROR;
				GCC_WARN_UNDECLARED_SELECTOR = YES;
				GCC_WARN_UNINITIALIZED_AUTOS = YES_AGGRESSIVE;
				GCC_WARN_UNUSED_FUNCTION = YES;
				GCC_WARN_UNUSED_VARIABLE = YES;
				IPHONEOS_DEPLOYMENT_TARGET = 7.1;
				ONLY_ACTIVE_ARCH = YES;
				SDKROOT = iphoneos;
			};
			name = Debug;
		};
		75E70586191A62C300202D02 /* Release */ = {
			isa = XCBuildConfiguration;
			buildSettings = {
				ALWAYS_SEARCH_USER_PATHS = NO;
				CLANG_CXX_LANGUAGE_STANDARD = "gnu++0x";
				CLANG_CXX_LIBRARY = "libc++";
				CLANG_ENABLE_MODULES = YES;
				CLANG_ENABLE_OBJC_ARC = YES;
				CLANG_WARN_BOOL_CONVERSION = YES;
				CLANG_WARN_CONSTANT_CONVERSION = YES;
				CLANG_WARN_DIRECT_OBJC_ISA_USAGE = YES_ERROR;
				CLANG_WARN_EMPTY_BODY = YES;
				CLANG_WARN_ENUM_CONVERSION = YES;
				CLANG_WARN_INT_CONVERSION = YES;
				CLANG_WARN_OBJC_ROOT_CLASS = YES_ERROR;
				CLANG_WARN__DUPLICATE_METHOD_MATCH = YES;
				"CODE_SIGN_IDENTITY[sdk=iphoneos*]" = "iPhone Developer";
				COPY_PHASE_STRIP = YES;
				ENABLE_NS_ASSERTIONS = NO;
				GCC_C_LANGUAGE_STANDARD = gnu99;
				GCC_WARN_64_TO_32_BIT_CONVERSION = YES;
				GCC_WARN_ABOUT_RETURN_TYPE = YES_ERROR;
				GCC_WARN_UNDECLARED_SELECTOR = YES;
				GCC_WARN_UNINITIALIZED_AUTOS = YES_AGGRESSIVE;
				GCC_WARN_UNUSED_FUNCTION = YES;
				GCC_WARN_UNUSED_VARIABLE = YES;
				IPHONEOS_DEPLOYMENT_TARGET = 7.1;
				SDKROOT = iphoneos;
				VALIDATE_PRODUCT = YES;
			};
			name = Release;
		};
		75E70588191A62C300202D02 /* Debug */ = {
			isa = XCBuildConfiguration;
			buildSettings = {
				ASSETCATALOG_COMPILER_APPICON_NAME = AppIcon;
				ASSETCATALOG_COMPILER_LAUNCHIMAGE_NAME = LaunchImage;
				GCC_PRECOMPILE_PREFIX_HEADER = YES;
				GCC_PREFIX_HEADER = "ThreadingDemonstration/ThreadingDemonstration-Prefix.pch";
				INFOPLIST_FILE = "ThreadingDemonstration/ThreadingDemonstration-Info.plist";
				PRODUCT_NAME = "$(TARGET_NAME)";
				WRAPPER_EXTENSION = app;
			};
			name = Debug;
		};
		75E70589191A62C300202D02 /* Release */ = {
			isa = XCBuildConfiguration;
			buildSettings = {
				ASSETCATALOG_COMPILER_APPICON_NAME = AppIcon;
				ASSETCATALOG_COMPILER_LAUNCHIMAGE_NAME = LaunchImage;
				GCC_PRECOMPILE_PREFIX_HEADER = YES;
				GCC_PREFIX_HEADER = "ThreadingDemonstration/ThreadingDemonstration-Prefix.pch";
				INFOPLIST_FILE = "ThreadingDemonstration/ThreadingDemonstration-Info.plist";
				PRODUCT_NAME = "$(TARGET_NAME)";
				WRAPPER_EXTENSION = app;
			};
			name = Release;
		};
		75E7058B191A62C300202D02 /* Debug */ = {
			isa = XCBuildConfiguration;
			buildSettings = {
				BUNDLE_LOADER = "$(BUILT_PRODUCTS_DIR)/ThreadingDemonstration.app/ThreadingDemonstration";
				FRAMEWORK_SEARCH_PATHS = (
					"$(SDKROOT)/Developer/Library/Frameworks",
					"$(inherited)",
					"$(DEVELOPER_FRAMEWORKS_DIR)",
				);
				GCC_PRECOMPILE_PREFIX_HEADER = YES;
				GCC_PREFIX_HEADER = "ThreadingDemonstration/ThreadingDemonstration-Prefix.pch";
				GCC_PREPROCESSOR_DEFINITIONS = (
					"DEBUG=1",
					"$(inherited)",
				);
				INFOPLIST_FILE = "ThreadingDemonstrationTests/ThreadingDemonstrationTests-Info.plist";
				PRODUCT_NAME = "$(TARGET_NAME)";
				TEST_HOST = "$(BUNDLE_LOADER)";
				WRAPPER_EXTENSION = xctest;
			};
			name = Debug;
		};
		75E7058C191A62C300202D02 /* Release */ = {
			isa = XCBuildConfiguration;
			buildSettings = {
				BUNDLE_LOADER = "$(BUILT_PRODUCTS_DIR)/ThreadingDemonstration.app/ThreadingDemonstration";
				FRAMEWORK_SEARCH_PATHS = (
					"$(SDKROOT)/Developer/Library/Frameworks",
					"$(inherited)",
					"$(DEVELOPER_FRAMEWORKS_DIR)",
				);
				GCC_PRECOMPILE_PREFIX_HEADER = YES;
				GCC_PREFIX_HEADER = "ThreadingDemonstration/ThreadingDemonstration-Prefix.pch";
				INFOPLIST_FILE = "ThreadingDemonstrationTests/ThreadingDemonstrationTests-Info.plist";
				PRODUCT_NAME = "$(TARGET_NAME)";
				TEST_HOST = "$(BUNDLE_LOADER)";
				WRAPPER_EXTENSION = xctest;
			};
			name = Release;
		};
/* End XCBuildConfiguration section */

/* Begin XCConfigurationList section */
		75E70550191A62C300202D02 /* Build configuration list for PBXProject "ThreadingDemonstration" */ = {
			isa = XCConfigurationList;
			buildConfigurations = (
				75E70585191A62C300202D02 /* Debug */,
				75E70586191A62C300202D02 /* Release */,
			);
			defaultConfigurationIsVisible = 0;
			defaultConfigurationName = Release;
		};
		75E70587191A62C300202D02 /* Build configuration list for PBXNativeTarget "ThreadingDemonstration" */ = {
			isa = XCConfigurationList;
			buildConfigurations = (
				75E70588191A62C300202D02 /* Debug */,
				75E70589191A62C300202D02 /* Release */,
			);
			defaultConfigurationIsVisible = 0;
		};
		75E7058A191A62C300202D02 /* Build configuration list for PBXNativeTarget "ThreadingDemonstrationTests" */ = {
			isa = XCConfigurationList;
			buildConfigurations = (
				75E7058B191A62C300202D02 /* Debug */,
				75E7058C191A62C300202D02 /* Release */,
			);
			defaultConfigurationIsVisible = 0;
		};
/* End XCConfigurationList section */
	};
	rootObject = 75E7054D191A62C300202D02 /* Project object */;
}
