// !$*UTF8*$!
{
	archiveVersion = 1;
	classes = {
	};
	objectVersion = 46;
	objects = {

/* Begin PBXBuildFile section */
		75340DB318C47C1C00144A7E /* UIViewSubclassesDemonstration.xib in Resources */ = {isa = PBXBuildFile; fileRef = 75340DB218C47C1C00144A7E /* UIViewSubclassesDemonstration.xib */; };
		75340DB718C485B500144A7E /* UIViewSubclassesDemonstrationViewController.m in Sources */ = {isa = PBXBuildFile; fileRef = 75340DB618C485B500144A7E /* UIViewSubclassesDemonstrationViewController.m */; };
		75340DC918C48B7A00144A7E /* win_1.png in Resources */ = {isa = PBXBuildFile; fileRef = 75340DB918C48B7A00144A7E /* win_1.png */; };
		75340DCA18C48B7A00144A7E /* win_2.png in Resources */ = {isa = PBXBuildFile; fileRef = 75340DBA18C48B7A00144A7E /* win_2.png */; };
		75340DCB18C48B7A00144A7E /* win_3.png in Resources */ = {isa = PBXBuildFile; fileRef = 75340DBB18C48B7A00144A7E /* win_3.png */; };
		75340DCC18C48B7A00144A7E /* win_4.png in Resources */ = {isa = PBXBuildFile; fileRef = 75340DBC18C48B7A00144A7E /* win_4.png */; };
		75340DCD18C48B7A00144A7E /* win_5.png in Resources */ = {isa = PBXBuildFile; fileRef = 75340DBD18C48B7A00144A7E /* win_5.png */; };
		75340DCE18C48B7A00144A7E /* win_6.png in Resources */ = {isa = PBXBuildFile; fileRef = 75340DBE18C48B7A00144A7E /* win_6.png */; };
		75340DCF18C48B7A00144A7E /* win_7.png in Resources */ = {isa = PBXBuildFile; fileRef = 75340DBF18C48B7A00144A7E /* win_7.png */; };
		75340DD018C48B7A00144A7E /* win_8.png in Resources */ = {isa = PBXBuildFile; fileRef = 75340DC018C48B7A00144A7E /* win_8.png */; };
		75340DD118C48B7A00144A7E /* win_9.png in Resources */ = {isa = PBXBuildFile; fileRef = 75340DC118C48B7A00144A7E /* win_9.png */; };
		75340DD218C48B7A00144A7E /* win_10.png in Resources */ = {isa = PBXBuildFile; fileRef = 75340DC218C48B7A00144A7E /* win_10.png */; };
		75340DD318C48B7A00144A7E /* win_11.png in Resources */ = {isa = PBXBuildFile; fileRef = 75340DC318C48B7A00144A7E /* win_11.png */; };
		75340DD418C48B7A00144A7E /* win_12.png in Resources */ = {isa = PBXBuildFile; fileRef = 75340DC418C48B7A00144A7E /* win_12.png */; };
		75340DD518C48B7A00144A7E /* win_13.png in Resources */ = {isa = PBXBuildFile; fileRef = 75340DC518C48B7A00144A7E /* win_13.png */; };
		75340DD618C48B7A00144A7E /* win_14.png in Resources */ = {isa = PBXBuildFile; fileRef = 75340DC618C48B7A00144A7E /* win_14.png */; };
		75340DD718C48B7A00144A7E /* win_15.png in Resources */ = {isa = PBXBuildFile; fileRef = 75340DC718C48B7A00144A7E /* win_15.png */; };
		75340DD818C48B7A00144A7E /* win_16.png in Resources */ = {isa = PBXBuildFile; fileRef = 75340DC818C48B7A00144A7E /* win_16.png */; };
		75340DDA18C4A5F700144A7E /* ScrollViewDemonstrationStoryboard.storyboard in Resources */ = {isa = PBXBuildFile; fileRef = 75340DD918C4A5F700144A7E /* ScrollViewDemonstrationStoryboard.storyboard */; };
		75340DDE18C4A73300144A7E /* MainScrollViewDemonstrationViewController.m in Sources */ = {isa = PBXBuildFile; fileRef = 75340DDD18C4A73300144A7E /* MainScrollViewDemonstrationViewController.m */; };
		7561F83018C4AA0400211CDE /* ScrollViewIBViewController.m in Sources */ = {isa = PBXBuildFile; fileRef = 7561F82F18C4AA0400211CDE /* ScrollViewIBViewController.m */; };
		7561F83218C4AA2300211CDE /* ScrollViewIBView.xib in Resources */ = {isa = PBXBuildFile; fileRef = 7561F83118C4AA2300211CDE /* ScrollViewIBView.xib */; };
		7561F83518C4ABF200211CDE /* very_tall_pic.png in Resources */ = {isa = PBXBuildFile; fileRef = 7561F83318C4ABF200211CDE /* very_tall_pic.png */; };
		7561F83618C4ABF200211CDE /* very_tall_pic@2x.png in Resources */ = {isa = PBXBuildFile; fileRef = 7561F83418C4ABF200211CDE /* very_tall_pic@2x.png */; };
		7561F83918C4B97400211CDE /* WebViewViewController.m in Sources */ = {isa = PBXBuildFile; fileRef = 7561F83818C4B97400211CDE /* WebViewViewController.m */; };
		75A3D44118C0AE98008FA942 /* ViewControllerPresentationViewController.m in Sources */ = {isa = PBXBuildFile; fileRef = 75A3D44018C0AE98008FA942 /* ViewControllerPresentationViewController.m */; };
		75A3D44418C0B7F5008FA942 /* ModallyPresentedViewController.m in Sources */ = {isa = PBXBuildFile; fileRef = 75A3D44318C0B7F5008FA942 /* ModallyPresentedViewController.m */; };
		75A3D44618C0B809008FA942 /* ModallyPresentedView.xib in Resources */ = {isa = PBXBuildFile; fileRef = 75A3D44518C0B809008FA942 /* ModallyPresentedView.xib */; };
		75A3D44818C0BC38008FA942 /* NavigationControllerStoryBoard.storyboard in Resources */ = {isa = PBXBuildFile; fileRef = 75A3D44718C0BC38008FA942 /* NavigationControllerStoryBoard.storyboard */; };
		75A3D44A18C0BEC4008FA942 /* TabBarControllerStoryBoard.storyboard in Resources */ = {isa = PBXBuildFile; fileRef = 75A3D44918C0BEC4008FA942 /* TabBarControllerStoryBoard.storyboard */; };
		75A3D44F18C0BF51008FA942 /* tabbarIconList.png in Resources */ = {isa = PBXBuildFile; fileRef = 75A3D44B18C0BF51008FA942 /* tabbarIconList.png */; };
		75A3D45018C0BF51008FA942 /* tabbarIconList@2x.png in Resources */ = {isa = PBXBuildFile; fileRef = 75A3D44C18C0BF51008FA942 /* tabbarIconList@2x.png */; };
		75A3D45118C0BF51008FA942 /* tabbarIconSettings.png in Resources */ = {isa = PBXBuildFile; fileRef = 75A3D44D18C0BF51008FA942 /* tabbarIconSettings.png */; };
		75A3D45218C0BF51008FA942 /* tabbarIconSettings@2x.png in Resources */ = {isa = PBXBuildFile; fileRef = 75A3D44E18C0BF51008FA942 /* tabbarIconSettings@2x.png */; };
		75A4C10918BCD35700ED8B27 /* TouchHandlingWithTouchCallbacksViewController.m in Sources */ = {isa = PBXBuildFile; fileRef = 75A4C10818BCD35700ED8B27 /* TouchHandlingWithTouchCallbacksViewController.m */; };
		75A4C10C18BCD38400ED8B27 /* TouchHandlingWithGestureRecognizerViewController.m in Sources */ = {isa = PBXBuildFile; fileRef = 75A4C10B18BCD38400ED8B27 /* TouchHandlingWithGestureRecognizerViewController.m */; };
		75A4C11018BCD3B900ED8B27 /* TouchHandlerView.m in Sources */ = {isa = PBXBuildFile; fileRef = 75A4C10F18BCD3B900ED8B27 /* TouchHandlerView.m */; };
		75A4C11618BF74D500ED8B27 /* LayoutUsingAutoResizeMaskView.xib in Resources */ = {isa = PBXBuildFile; fileRef = 75A4C11518BF74D500ED8B27 /* LayoutUsingAutoResizeMaskView.xib */; };
		75A4C11818BF74E600ED8B27 /* LayoutUsingAutoLayoutView.xib in Resources */ = {isa = PBXBuildFile; fileRef = 75A4C11718BF74E600ED8B27 /* LayoutUsingAutoLayoutView.xib */; };
		75A4C11C18BF756100ED8B27 /* ViewResizingViewController.m in Sources */ = {isa = PBXBuildFile; fileRef = 75A4C11B18BF756100ED8B27 /* ViewResizingViewController.m */; };
		75A4C11F18BF788100ED8B27 /* image_mask_geography.png in Resources */ = {isa = PBXBuildFile; fileRef = 75A4C11D18BF788100ED8B27 /* image_mask_geography.png */; };
		75A4C12018BF788100ED8B27 /* image_mask_geography@2x.png in Resources */ = {isa = PBXBuildFile; fileRef = 75A4C11E18BF788100ED8B27 /* image_mask_geography@2x.png */; };
		75B9EDD118C4C25400D97BBE /* TextViewViewController.m in Sources */ = {isa = PBXBuildFile; fileRef = 75B9EDD018C4C25400D97BBE /* TextViewViewController.m */; };
		75B9EDD418C72B7000D97BBE /* DynamicTableViewController.m in Sources */ = {isa = PBXBuildFile; fileRef = 75B9EDD318C72B7000D97BBE /* DynamicTableViewController.m */; };
		75B9EDD718C747BF00D97BBE /* CustomUITableViewCell.m in Sources */ = {isa = PBXBuildFile; fileRef = 75B9EDD618C747BF00D97BBE /* CustomUITableViewCell.m */; };
		75B9EDDC18C74AAE00D97BBE /* cell_bg_dark.png in Resources */ = {isa = PBXBuildFile; fileRef = 75B9EDD818C74AAE00D97BBE /* cell_bg_dark.png */; };
		75B9EDDD18C74AAE00D97BBE /* cell_bg_dark@2x.png in Resources */ = {isa = PBXBuildFile; fileRef = 75B9EDD918C74AAE00D97BBE /* cell_bg_dark@2x.png */; };
		75B9EDDE18C74AAE00D97BBE /* cell_bg_light.png in Resources */ = {isa = PBXBuildFile; fileRef = 75B9EDDA18C74AAE00D97BBE /* cell_bg_light.png */; };
		75B9EDDF18C74AAE00D97BBE /* cell_bg_light@2x.png in Resources */ = {isa = PBXBuildFile; fileRef = 75B9EDDB18C74AAE00D97BBE /* cell_bg_light@2x.png */; };
		75B9EDE218C74CA900D97BBE /* cell_bg_light_red.png in Resources */ = {isa = PBXBuildFile; fileRef = 75B9EDE018C74CA900D97BBE /* cell_bg_light_red.png */; };
		75B9EDE318C74CA900D97BBE /* cell_bg_light_red@2x.png in Resources */ = {isa = PBXBuildFile; fileRef = 75B9EDE118C74CA900D97BBE /* cell_bg_light_red@2x.png */; };
		75B9EE4818C9ECDE00D97BBE /* ThreadDemonstrationViewController.m in Sources */ = {isa = PBXBuildFile; fileRef = 75B9EE4718C9ECDE00D97BBE /* ThreadDemonstrationViewController.m */; };
		75B9EE4A18C9ED1600D97BBE /* ThreadDemonstrationStoryBoard.storyboard in Resources */ = {isa = PBXBuildFile; fileRef = 75B9EE4918C9ED1600D97BBE /* ThreadDemonstrationStoryBoard.storyboard */; };
		75B9EE4D18CA06F900D97BBE /* NSThreadViewController.m in Sources */ = {isa = PBXBuildFile; fileRef = 75B9EE4C18CA06F900D97BBE /* NSThreadViewController.m */; };
		75B9EE5118CA096100D97BBE /* CustomThread.m in Sources */ = {isa = PBXBuildFile; fileRef = 75B9EE5018CA096100D97BBE /* CustomThread.m */; };
		75B9EE5418CE0B6A00D97BBE /* NSOperationViewController.m in Sources */ = {isa = PBXBuildFile; fileRef = 75B9EE5318CE0B6A00D97BBE /* NSOperationViewController.m */; };
		75B9EE5718CE0D4800D97BBE /* CustomOperation.m in Sources */ = {isa = PBXBuildFile; fileRef = 75B9EE5618CE0D4800D97BBE /* CustomOperation.m */; };
		75B9EE6E18D334DE00D97BBE /* SynchronizationViewController.m in Sources */ = {isa = PBXBuildFile; fileRef = 75B9EE6D18D334DE00D97BBE /* SynchronizationViewController.m */; };
		75EE4F7618BB6C68001FD840 /* Foundation.framework in Frameworks */ = {isa = PBXBuildFile; fileRef = 75EE4F7518BB6C68001FD840 /* Foundation.framework */; };
		75EE4F7818BB6C68001FD840 /* CoreGraphics.framework in Frameworks */ = {isa = PBXBuildFile; fileRef = 75EE4F7718BB6C68001FD840 /* CoreGraphics.framework */; };
		75EE4F7A18BB6C68001FD840 /* UIKit.framework in Frameworks */ = {isa = PBXBuildFile; fileRef = 75EE4F7918BB6C68001FD840 /* UIKit.framework */; };
		75EE4F8018BB6C68001FD840 /* InfoPlist.strings in Resources */ = {isa = PBXBuildFile; fileRef = 75EE4F7E18BB6C68001FD840 /* InfoPlist.strings */; };
		75EE4F8218BB6C68001FD840 /* main.m in Sources */ = {isa = PBXBuildFile; fileRef = 75EE4F8118BB6C68001FD840 /* main.m */; };
		75EE4F8618BB6C68001FD840 /* AppDelegate.m in Sources */ = {isa = PBXBuildFile; fileRef = 75EE4F8518BB6C68001FD840 /* AppDelegate.m */; };
		75EE4F8818BB6C68001FD840 /* Images.xcassets in Resources */ = {isa = PBXBuildFile; fileRef = 75EE4F8718BB6C68001FD840 /* Images.xcassets */; };
		75EE4F8F18BB6C68001FD840 /* XCTest.framework in Frameworks */ = {isa = PBXBuildFile; fileRef = 75EE4F8E18BB6C68001FD840 /* XCTest.framework */; };
		75EE4F9018BB6C68001FD840 /* Foundation.framework in Frameworks */ = {isa = PBXBuildFile; fileRef = 75EE4F7518BB6C68001FD840 /* Foundation.framework */; };
		75EE4F9118BB6C68001FD840 /* UIKit.framework in Frameworks */ = {isa = PBXBuildFile; fileRef = 75EE4F7918BB6C68001FD840 /* UIKit.framework */; };
		75EE4F9918BB6C68001FD840 /* InfoPlist.strings in Resources */ = {isa = PBXBuildFile; fileRef = 75EE4F9718BB6C68001FD840 /* InfoPlist.strings */; };
		75EE4F9B18BB6C68001FD840 /* iOSJuniorApplicationTests.m in Sources */ = {isa = PBXBuildFile; fileRef = 75EE4F9A18BB6C68001FD840 /* iOSJuniorApplicationTests.m */; };
		75EE4FAB18BB6E9B001FD840 /* ProgramaticallyLoadingViewController.m in Sources */ = {isa = PBXBuildFile; fileRef = 75EE4FAA18BB6E9B001FD840 /* ProgramaticallyLoadingViewController.m */; };
		75EE4FAE18BB74F2001FD840 /* NibLoadedViewController.m in Sources */ = {isa = PBXBuildFile; fileRef = 75EE4FAD18BB74F2001FD840 /* NibLoadedViewController.m */; };
		75EE4FB018BB751C001FD840 /* NibLoadedView.xib in Resources */ = {isa = PBXBuildFile; fileRef = 75EE4FAF18BB751C001FD840 /* NibLoadedView.xib */; };
		75EE4FB318BB7BAD001FD840 /* StoryBoardLoadedViewController.m in Sources */ = {isa = PBXBuildFile; fileRef = 75EE4FB218BB7BAD001FD840 /* StoryBoardLoadedViewController.m */; };
		75EE4FB618BB7C41001FD840 /* MainStoryBoard.storyboard in Resources */ = {isa = PBXBuildFile; fileRef = 75EE4FB518BB7C41001FD840 /* MainStoryBoard.storyboard */; };
		75EE4FBB18BC9BB8001FD840 /* UIControlDemonstrationViewController.m in Sources */ = {isa = PBXBuildFile; fileRef = 75EE4FBA18BC9BB8001FD840 /* UIControlDemonstrationViewController.m */; };
/* End PBXBuildFile section */

/* Begin PBXContainerItemProxy section */
		75EE4F9218BB6C68001FD840 /* PBXContainerItemProxy */ = {
			isa = PBXContainerItemProxy;
			containerPortal = 75EE4F6A18BB6C68001FD840 /* Project object */;
			proxyType = 1;
			remoteGlobalIDString = 75EE4F7118BB6C68001FD840;
			remoteInfo = iOSJuniorApplication;
		};
/* End PBXContainerItemProxy section */

/* Begin PBXFileReference section */
		75340DB218C47C1C00144A7E /* UIViewSubclassesDemonstration.xib */ = {isa = PBXFileReference; fileEncoding = 4; lastKnownFileType = file.xib; name = UIViewSubclassesDemonstration.xib; path = Resources/Nibs/UIViewSubclassesDemonstration.xib; sourceTree = "<group>"; };
		75340DB518C485B500144A7E /* UIViewSubclassesDemonstrationViewController.h */ = {isa = PBXFileReference; fileEncoding = 4; lastKnownFileType = sourcecode.c.h; name = UIViewSubclassesDemonstrationViewController.h; path = Classes/ViewControllers/UIViewSubclassesDemonstrationViewController.h; sourceTree = "<group>"; };
		75340DB618C485B500144A7E /* UIViewSubclassesDemonstrationViewController.m */ = {isa = PBXFileReference; fileEncoding = 4; lastKnownFileType = sourcecode.c.objc; name = UIViewSubclassesDemonstrationViewController.m; path = Classes/ViewControllers/UIViewSubclassesDemonstrationViewController.m; sourceTree = "<group>"; };
		75340DB918C48B7A00144A7E /* win_1.png */ = {isa = PBXFileReference; lastKnownFileType = image.png; name = win_1.png; path = Resources/Images/Animation/win_1.png; sourceTree = "<group>"; };
		75340DBA18C48B7A00144A7E /* win_2.png */ = {isa = PBXFileReference; lastKnownFileType = image.png; name = win_2.png; path = Resources/Images/Animation/win_2.png; sourceTree = "<group>"; };
		75340DBB18C48B7A00144A7E /* win_3.png */ = {isa = PBXFileReference; lastKnownFileType = image.png; name = win_3.png; path = Resources/Images/Animation/win_3.png; sourceTree = "<group>"; };
		75340DBC18C48B7A00144A7E /* win_4.png */ = {isa = PBXFileReference; lastKnownFileType = image.png; name = win_4.png; path = Resources/Images/Animation/win_4.png; sourceTree = "<group>"; };
		75340DBD18C48B7A00144A7E /* win_5.png */ = {isa = PBXFileReference; lastKnownFileType = image.png; name = win_5.png; path = Resources/Images/Animation/win_5.png; sourceTree = "<group>"; };
		75340DBE18C48B7A00144A7E /* win_6.png */ = {isa = PBXFileReference; lastKnownFileType = image.png; name = win_6.png; path = Resources/Images/Animation/win_6.png; sourceTree = "<group>"; };
		75340DBF18C48B7A00144A7E /* win_7.png */ = {isa = PBXFileReference; lastKnownFileType = image.png; name = win_7.png; path = Resources/Images/Animation/win_7.png; sourceTree = "<group>"; };
		75340DC018C48B7A00144A7E /* win_8.png */ = {isa = PBXFileReference; lastKnownFileType = image.png; name = win_8.png; path = Resources/Images/Animation/win_8.png; sourceTree = "<group>"; };
		75340DC118C48B7A00144A7E /* win_9.png */ = {isa = PBXFileReference; lastKnownFileType = image.png; name = win_9.png; path = Resources/Images/Animation/win_9.png; sourceTree = "<group>"; };
		75340DC218C48B7A00144A7E /* win_10.png */ = {isa = PBXFileReference; lastKnownFileType = image.png; name = win_10.png; path = Resources/Images/Animation/win_10.png; sourceTree = "<group>"; };
		75340DC318C48B7A00144A7E /* win_11.png */ = {isa = PBXFileReference; lastKnownFileType = image.png; name = win_11.png; path = Resources/Images/Animation/win_11.png; sourceTree = "<group>"; };
		75340DC418C48B7A00144A7E /* win_12.png */ = {isa = PBXFileReference; lastKnownFileType = image.png; name = win_12.png; path = Resources/Images/Animation/win_12.png; sourceTree = "<group>"; };
		75340DC518C48B7A00144A7E /* win_13.png */ = {isa = PBXFileReference; lastKnownFileType = image.png; name = win_13.png; path = Resources/Images/Animation/win_13.png; sourceTree = "<group>"; };
		75340DC618C48B7A00144A7E /* win_14.png */ = {isa = PBXFileReference; lastKnownFileType = image.png; name = win_14.png; path = Resources/Images/Animation/win_14.png; sourceTree = "<group>"; };
		75340DC718C48B7A00144A7E /* win_15.png */ = {isa = PBXFileReference; lastKnownFileType = image.png; name = win_15.png; path = Resources/Images/Animation/win_15.png; sourceTree = "<group>"; };
		75340DC818C48B7A00144A7E /* win_16.png */ = {isa = PBXFileReference; lastKnownFileType = image.png; name = win_16.png; path = Resources/Images/Animation/win_16.png; sourceTree = "<group>"; };
		75340DD918C4A5F700144A7E /* ScrollViewDemonstrationStoryboard.storyboard */ = {isa = PBXFileReference; fileEncoding = 4; lastKnownFileType = file.storyboard; name = ScrollViewDemonstrationStoryboard.storyboard; path = Resources/StoryBoards/ScrollViewDemonstrationStoryboard.storyboard; sourceTree = "<group>"; };
		75340DDC18C4A73300144A7E /* MainScrollViewDemonstrationViewController.h */ = {isa = PBXFileReference; fileEncoding = 4; lastKnownFileType = sourcecode.c.h; name = MainScrollViewDemonstrationViewController.h; path = Classes/ViewControllers/MainScrollViewDemonstrationViewController.h; sourceTree = "<group>"; };
		75340DDD18C4A73300144A7E /* MainScrollViewDemonstrationViewController.m */ = {isa = PBXFileReference; fileEncoding = 4; lastKnownFileType = sourcecode.c.objc; name = MainScrollViewDemonstrationViewController.m; path = Classes/ViewControllers/MainScrollViewDemonstrationViewController.m; sourceTree = "<group>"; };
		7561F82E18C4AA0400211CDE /* ScrollViewIBViewController.h */ = {isa = PBXFileReference; fileEncoding = 4; lastKnownFileType = sourcecode.c.h; name = ScrollViewIBViewController.h; path = Classes/ViewControllers/ScrollViewIBViewController.h; sourceTree = "<group>"; };
		7561F82F18C4AA0400211CDE /* ScrollViewIBViewController.m */ = {isa = PBXFileReference; fileEncoding = 4; lastKnownFileType = sourcecode.c.objc; name = ScrollViewIBViewController.m; path = Classes/ViewControllers/ScrollViewIBViewController.m; sourceTree = "<group>"; };
		7561F83118C4AA2300211CDE /* ScrollViewIBView.xib */ = {isa = PBXFileReference; fileEncoding = 4; lastKnownFileType = file.xib; name = ScrollViewIBView.xib; path = Resources/Nibs/ScrollViewIBView.xib; sourceTree = "<group>"; };
		7561F83318C4ABF200211CDE /* very_tall_pic.png */ = {isa = PBXFileReference; lastKnownFileType = image.png; name = very_tall_pic.png; path = Resources/Images/very_tall_pic.png; sourceTree = "<group>"; };
		7561F83418C4ABF200211CDE /* very_tall_pic@2x.png */ = {isa = PBXFileReference; lastKnownFileType = image.png; name = "very_tall_pic@2x.png"; path = "Resources/Images/very_tall_pic@2x.png"; sourceTree = "<group>"; };
		7561F83718C4B97400211CDE /* WebViewViewController.h */ = {isa = PBXFileReference; fileEncoding = 4; lastKnownFileType = sourcecode.c.h; name = WebViewViewController.h; path = Classes/ViewControllers/WebViewViewController.h; sourceTree = "<group>"; };
		7561F83818C4B97400211CDE /* WebViewViewController.m */ = {isa = PBXFileReference; fileEncoding = 4; lastKnownFileType = sourcecode.c.objc; name = WebViewViewController.m; path = Classes/ViewControllers/WebViewViewController.m; sourceTree = "<group>"; };
		75A3D43F18C0AE98008FA942 /* ViewControllerPresentationViewController.h */ = {isa = PBXFileReference; fileEncoding = 4; lastKnownFileType = sourcecode.c.h; name = ViewControllerPresentationViewController.h; path = Classes/ViewControllers/ViewControllerPresentationViewController.h; sourceTree = "<group>"; };
		75A3D44018C0AE98008FA942 /* ViewControllerPresentationViewController.m */ = {isa = PBXFileReference; fileEncoding = 4; lastKnownFileType = sourcecode.c.objc; name = ViewControllerPresentationViewController.m; path = Classes/ViewControllers/ViewControllerPresentationViewController.m; sourceTree = "<group>"; };
		75A3D44218C0B7F5008FA942 /* ModallyPresentedViewController.h */ = {isa = PBXFileReference; fileEncoding = 4; lastKnownFileType = sourcecode.c.h; name = ModallyPresentedViewController.h; path = Classes/ViewControllers/ModallyPresentedViewController.h; sourceTree = "<group>"; };
		75A3D44318C0B7F5008FA942 /* ModallyPresentedViewController.m */ = {isa = PBXFileReference; fileEncoding = 4; lastKnownFileType = sourcecode.c.objc; name = ModallyPresentedViewController.m; path = Classes/ViewControllers/ModallyPresentedViewController.m; sourceTree = "<group>"; };
		75A3D44518C0B809008FA942 /* ModallyPresentedView.xib */ = {isa = PBXFileReference; fileEncoding = 4; lastKnownFileType = file.xib; name = ModallyPresentedView.xib; path = Resources/Nibs/ModallyPresentedView.xib; sourceTree = "<group>"; };
		75A3D44718C0BC38008FA942 /* NavigationControllerStoryBoard.storyboard */ = {isa = PBXFileReference; fileEncoding = 4; lastKnownFileType = file.storyboard; name = NavigationControllerStoryBoard.storyboard; path = Resources/StoryBoards/NavigationControllerStoryBoard.storyboard; sourceTree = "<group>"; };
		75A3D44918C0BEC4008FA942 /* TabBarControllerStoryBoard.storyboard */ = {isa = PBXFileReference; fileEncoding = 4; lastKnownFileType = file.storyboard; name = TabBarControllerStoryBoard.storyboard; path = Resources/StoryBoards/TabBarControllerStoryBoard.storyboard; sourceTree = "<group>"; };
		75A3D44B18C0BF51008FA942 /* tabbarIconList.png */ = {isa = PBXFileReference; lastKnownFileType = image.png; name = tabbarIconList.png; path = Resources/Images/tabbarIconList.png; sourceTree = "<group>"; };
		75A3D44C18C0BF51008FA942 /* tabbarIconList@2x.png */ = {isa = PBXFileReference; lastKnownFileType = image.png; name = "tabbarIconList@2x.png"; path = "Resources/Images/tabbarIconList@2x.png"; sourceTree = "<group>"; };
		75A3D44D18C0BF51008FA942 /* tabbarIconSettings.png */ = {isa = PBXFileReference; lastKnownFileType = image.png; name = tabbarIconSettings.png; path = Resources/Images/tabbarIconSettings.png; sourceTree = "<group>"; };
		75A3D44E18C0BF51008FA942 /* tabbarIconSettings@2x.png */ = {isa = PBXFileReference; lastKnownFileType = image.png; name = "tabbarIconSettings@2x.png"; path = "Resources/Images/tabbarIconSettings@2x.png"; sourceTree = "<group>"; };
		75A4C10718BCD35700ED8B27 /* TouchHandlingWithTouchCallbacksViewController.h */ = {isa = PBXFileReference; fileEncoding = 4; lastKnownFileType = sourcecode.c.h; name = TouchHandlingWithTouchCallbacksViewController.h; path = Classes/ViewControllers/TouchHandlingWithTouchCallbacksViewController.h; sourceTree = "<group>"; };
		75A4C10818BCD35700ED8B27 /* TouchHandlingWithTouchCallbacksViewController.m */ = {isa = PBXFileReference; fileEncoding = 4; lastKnownFileType = sourcecode.c.objc; name = TouchHandlingWithTouchCallbacksViewController.m; path = Classes/ViewControllers/TouchHandlingWithTouchCallbacksViewController.m; sourceTree = "<group>"; };
		75A4C10A18BCD38400ED8B27 /* TouchHandlingWithGestureRecognizerViewController.h */ = {isa = PBXFileReference; fileEncoding = 4; lastKnownFileType = sourcecode.c.h; name = TouchHandlingWithGestureRecognizerViewController.h; path = Classes/ViewControllers/TouchHandlingWithGestureRecognizerViewController.h; sourceTree = "<group>"; };
		75A4C10B18BCD38400ED8B27 /* TouchHandlingWithGestureRecognizerViewController.m */ = {isa = PBXFileReference; fileEncoding = 4; lastKnownFileType = sourcecode.c.objc; name = TouchHandlingWithGestureRecognizerViewController.m; path = Classes/ViewControllers/TouchHandlingWithGestureRecognizerViewController.m; sourceTree = "<group>"; };
		75A4C10E18BCD3B900ED8B27 /* TouchHandlerView.h */ = {isa = PBXFileReference; fileEncoding = 4; lastKnownFileType = sourcecode.c.h; name = TouchHandlerView.h; path = Classes/ViewControllers/TouchHandlerView.h; sourceTree = "<group>"; };
		75A4C10F18BCD3B900ED8B27 /* TouchHandlerView.m */ = {isa = PBXFileReference; fileEncoding = 4; lastKnownFileType = sourcecode.c.objc; name = TouchHandlerView.m; path = Classes/ViewControllers/TouchHandlerView.m; sourceTree = "<group>"; };
		75A4C11518BF74D500ED8B27 /* LayoutUsingAutoResizeMaskView.xib */ = {isa = PBXFileReference; fileEncoding = 4; lastKnownFileType = file.xib; name = LayoutUsingAutoResizeMaskView.xib; path = Resources/Nibs/LayoutUsingAutoResizeMaskView.xib; sourceTree = "<group>"; };
		75A4C11718BF74E600ED8B27 /* LayoutUsingAutoLayoutView.xib */ = {isa = PBXFileReference; fileEncoding = 4; lastKnownFileType = file.xib; path = LayoutUsingAutoLayoutView.xib; sourceTree = "<group>"; };
		75A4C11A18BF756100ED8B27 /* ViewResizingViewController.h */ = {isa = PBXFileReference; fileEncoding = 4; lastKnownFileType = sourcecode.c.h; name = ViewResizingViewController.h; path = Classes/ViewControllers/ViewResizingViewController.h; sourceTree = "<group>"; };
		75A4C11B18BF756100ED8B27 /* ViewResizingViewController.m */ = {isa = PBXFileReference; fileEncoding = 4; lastKnownFileType = sourcecode.c.objc; name = ViewResizingViewController.m; path = Classes/ViewControllers/ViewResizingViewController.m; sourceTree = "<group>"; };
		75A4C11D18BF788100ED8B27 /* image_mask_geography.png */ = {isa = PBXFileReference; lastKnownFileType = image.png; name = image_mask_geography.png; path = Resources/Images/image_mask_geography.png; sourceTree = "<group>"; };
		75A4C11E18BF788100ED8B27 /* image_mask_geography@2x.png */ = {isa = PBXFileReference; lastKnownFileType = image.png; name = "image_mask_geography@2x.png"; path = "Resources/Images/image_mask_geography@2x.png"; sourceTree = "<group>"; };
		75B9EDCF18C4C25400D97BBE /* TextViewViewController.h */ = {isa = PBXFileReference; fileEncoding = 4; lastKnownFileType = sourcecode.c.h; name = TextViewViewController.h; path = Classes/ViewControllers/TextViewViewController.h; sourceTree = "<group>"; };
		75B9EDD018C4C25400D97BBE /* TextViewViewController.m */ = {isa = PBXFileReference; fileEncoding = 4; lastKnownFileType = sourcecode.c.objc; name = TextViewViewController.m; path = Classes/ViewControllers/TextViewViewController.m; sourceTree = "<group>"; };
		75B9EDD218C72B7000D97BBE /* DynamicTableViewController.h */ = {isa = PBXFileReference; fileEncoding = 4; lastKnownFileType = sourcecode.c.h; name = DynamicTableViewController.h; path = Classes/ViewControllers/DynamicTableViewController.h; sourceTree = "<group>"; };
		75B9EDD318C72B7000D97BBE /* DynamicTableViewController.m */ = {isa = PBXFileReference; fileEncoding = 4; lastKnownFileType = sourcecode.c.objc; name = DynamicTableViewController.m; path = Classes/ViewControllers/DynamicTableViewController.m; sourceTree = "<group>"; };
		75B9EDD518C747BF00D97BBE /* CustomUITableViewCell.h */ = {isa = PBXFileReference; fileEncoding = 4; lastKnownFileType = sourcecode.c.h; name = CustomUITableViewCell.h; path = Classes/ViewControllers/CustomUITableViewCell.h; sourceTree = "<group>"; };
		75B9EDD618C747BF00D97BBE /* CustomUITableViewCell.m */ = {isa = PBXFileReference; fileEncoding = 4; lastKnownFileType = sourcecode.c.objc; name = CustomUITableViewCell.m; path = Classes/ViewControllers/CustomUITableViewCell.m; sourceTree = "<group>"; };
		75B9EDD818C74AAE00D97BBE /* cell_bg_dark.png */ = {isa = PBXFileReference; lastKnownFileType = image.png; name = cell_bg_dark.png; path = Resources/Images/cell_bg_dark.png; sourceTree = "<group>"; };
		75B9EDD918C74AAE00D97BBE /* cell_bg_dark@2x.png */ = {isa = PBXFileReference; lastKnownFileType = image.png; name = "cell_bg_dark@2x.png"; path = "Resources/Images/cell_bg_dark@2x.png"; sourceTree = "<group>"; };
		75B9EDDA18C74AAE00D97BBE /* cell_bg_light.png */ = {isa = PBXFileReference; lastKnownFileType = image.png; name = cell_bg_light.png; path = Resources/Images/cell_bg_light.png; sourceTree = "<group>"; };
		75B9EDDB18C74AAE00D97BBE /* cell_bg_light@2x.png */ = {isa = PBXFileReference; lastKnownFileType = image.png; name = "cell_bg_light@2x.png"; path = "Resources/Images/cell_bg_light@2x.png"; sourceTree = "<group>"; };
		75B9EDE018C74CA900D97BBE /* cell_bg_light_red.png */ = {isa = PBXFileReference; lastKnownFileType = image.png; name = cell_bg_light_red.png; path = Resources/Images/cell_bg_light_red.png; sourceTree = "<group>"; };
		75B9EDE118C74CA900D97BBE /* cell_bg_light_red@2x.png */ = {isa = PBXFileReference; lastKnownFileType = image.png; name = "cell_bg_light_red@2x.png"; path = "Resources/Images/cell_bg_light_red@2x.png"; sourceTree = "<group>"; };
		75B9EE4618C9ECDE00D97BBE /* ThreadDemonstrationViewController.h */ = {isa = PBXFileReference; fileEncoding = 4; lastKnownFileType = sourcecode.c.h; name = ThreadDemonstrationViewController.h; path = Classes/ViewControllers/ThreadDemonstrationViewController.h; sourceTree = "<group>"; };
		75B9EE4718C9ECDE00D97BBE /* ThreadDemonstrationViewController.m */ = {isa = PBXFileReference; fileEncoding = 4; lastKnownFileType = sourcecode.c.objc; name = ThreadDemonstrationViewController.m; path = Classes/ViewControllers/ThreadDemonstrationViewController.m; sourceTree = "<group>"; };
		75B9EE4918C9ED1600D97BBE /* ThreadDemonstrationStoryBoard.storyboard */ = {isa = PBXFileReference; fileEncoding = 4; lastKnownFileType = file.storyboard; name = ThreadDemonstrationStoryBoard.storyboard; path = Resources/StoryBoards/ThreadDemonstrationStoryBoard.storyboard; sourceTree = "<group>"; };
		75B9EE4B18CA06F900D97BBE /* NSThreadViewController.h */ = {isa = PBXFileReference; fileEncoding = 4; lastKnownFileType = sourcecode.c.h; name = NSThreadViewController.h; path = Classes/ViewControllers/NSThreadViewController.h; sourceTree = "<group>"; };
		75B9EE4C18CA06F900D97BBE /* NSThreadViewController.m */ = {isa = PBXFileReference; fileEncoding = 4; lastKnownFileType = sourcecode.c.objc; name = NSThreadViewController.m; path = Classes/ViewControllers/NSThreadViewController.m; sourceTree = "<group>"; };
		75B9EE4F18CA096100D97BBE /* CustomThread.h */ = {isa = PBXFileReference; fileEncoding = 4; lastKnownFileType = sourcecode.c.h; name = CustomThread.h; path = Classes/OtherClasses/CustomThread.h; sourceTree = "<group>"; };
		75B9EE5018CA096100D97BBE /* CustomThread.m */ = {isa = PBXFileReference; fileEncoding = 4; lastKnownFileType = sourcecode.c.objc; name = CustomThread.m; path = Classes/OtherClasses/CustomThread.m; sourceTree = "<group>"; };
		75B9EE5218CE0B6A00D97BBE /* NSOperationViewController.h */ = {isa = PBXFileReference; fileEncoding = 4; lastKnownFileType = sourcecode.c.h; name = NSOperationViewController.h; path = Classes/ViewControllers/NSOperationViewController.h; sourceTree = "<group>"; };
		75B9EE5318CE0B6A00D97BBE /* NSOperationViewController.m */ = {isa = PBXFileReference; fileEncoding = 4; lastKnownFileType = sourcecode.c.objc; name = NSOperationViewController.m; path = Classes/ViewControllers/NSOperationViewController.m; sourceTree = "<group>"; };
		75B9EE5518CE0D4800D97BBE /* CustomOperation.h */ = {isa = PBXFileReference; fileEncoding = 4; lastKnownFileType = sourcecode.c.h; name = CustomOperation.h; path = Classes/OtherClasses/CustomOperation.h; sourceTree = "<group>"; };
		75B9EE5618CE0D4800D97BBE /* CustomOperation.m */ = {isa = PBXFileReference; fileEncoding = 4; lastKnownFileType = sourcecode.c.objc; name = CustomOperation.m; path = Classes/OtherClasses/CustomOperation.m; sourceTree = "<group>"; };
		75B9EE6C18D334DE00D97BBE /* SynchronizationViewController.h */ = {isa = PBXFileReference; fileEncoding = 4; lastKnownFileType = sourcecode.c.h; name = SynchronizationViewController.h; path = Classes/ViewControllers/SynchronizationViewController.h; sourceTree = "<group>"; };
		75B9EE6D18D334DE00D97BBE /* SynchronizationViewController.m */ = {isa = PBXFileReference; fileEncoding = 4; lastKnownFileType = sourcecode.c.objc; name = SynchronizationViewController.m; path = Classes/ViewControllers/SynchronizationViewController.m; sourceTree = "<group>"; };
		75EE4F7218BB6C68001FD840 /* iOSJuniorApplication.app */ = {isa = PBXFileReference; explicitFileType = wrapper.application; includeInIndex = 0; path = iOSJuniorApplication.app; sourceTree = BUILT_PRODUCTS_DIR; };
		75EE4F7518BB6C68001FD840 /* Foundation.framework */ = {isa = PBXFileReference; lastKnownFileType = wrapper.framework; name = Foundation.framework; path = System/Library/Frameworks/Foundation.framework; sourceTree = SDKROOT; };
		75EE4F7718BB6C68001FD840 /* CoreGraphics.framework */ = {isa = PBXFileReference; lastKnownFileType = wrapper.framework; name = CoreGraphics.framework; path = System/Library/Frameworks/CoreGraphics.framework; sourceTree = SDKROOT; };
		75EE4F7918BB6C68001FD840 /* UIKit.framework */ = {isa = PBXFileReference; lastKnownFileType = wrapper.framework; name = UIKit.framework; path = System/Library/Frameworks/UIKit.framework; sourceTree = SDKROOT; };
		75EE4F7D18BB6C68001FD840 /* iOSJuniorApplication-Info.plist */ = {isa = PBXFileReference; lastKnownFileType = text.plist.xml; path = "iOSJuniorApplication-Info.plist"; sourceTree = "<group>"; };
		75EE4F7F18BB6C68001FD840 /* en */ = {isa = PBXFileReference; lastKnownFileType = text.plist.strings; name = en; path = en.lproj/InfoPlist.strings; sourceTree = "<group>"; };
		75EE4F8118BB6C68001FD840 /* main.m */ = {isa = PBXFileReference; lastKnownFileType = sourcecode.c.objc; path = main.m; sourceTree = "<group>"; };
		75EE4F8318BB6C68001FD840 /* iOSJuniorApplication-Prefix.pch */ = {isa = PBXFileReference; lastKnownFileType = sourcecode.c.h; path = "iOSJuniorApplication-Prefix.pch"; sourceTree = "<group>"; };
		75EE4F8418BB6C68001FD840 /* AppDelegate.h */ = {isa = PBXFileReference; lastKnownFileType = sourcecode.c.h; path = AppDelegate.h; sourceTree = "<group>"; };
		75EE4F8518BB6C68001FD840 /* AppDelegate.m */ = {isa = PBXFileReference; lastKnownFileType = sourcecode.c.objc; path = AppDelegate.m; sourceTree = "<group>"; };
		75EE4F8718BB6C68001FD840 /* Images.xcassets */ = {isa = PBXFileReference; lastKnownFileType = folder.assetcatalog; path = Images.xcassets; sourceTree = "<group>"; };
		75EE4F8D18BB6C68001FD840 /* iOSJuniorApplicationTests.xctest */ = {isa = PBXFileReference; explicitFileType = wrapper.cfbundle; includeInIndex = 0; path = iOSJuniorApplicationTests.xctest; sourceTree = BUILT_PRODUCTS_DIR; };
		75EE4F8E18BB6C68001FD840 /* XCTest.framework */ = {isa = PBXFileReference; lastKnownFileType = wrapper.framework; name = XCTest.framework; path = Library/Frameworks/XCTest.framework; sourceTree = DEVELOPER_DIR; };
		75EE4F9618BB6C68001FD840 /* iOSJuniorApplicationTests-Info.plist */ = {isa = PBXFileReference; lastKnownFileType = text.plist.xml; path = "iOSJuniorApplicationTests-Info.plist"; sourceTree = "<group>"; };
		75EE4F9818BB6C68001FD840 /* en */ = {isa = PBXFileReference; lastKnownFileType = text.plist.strings; name = en; path = en.lproj/InfoPlist.strings; sourceTree = "<group>"; };
		75EE4F9A18BB6C68001FD840 /* iOSJuniorApplicationTests.m */ = {isa = PBXFileReference; lastKnownFileType = sourcecode.c.objc; path = iOSJuniorApplicationTests.m; sourceTree = "<group>"; };
		75EE4FA918BB6E9B001FD840 /* ProgramaticallyLoadingViewController.h */ = {isa = PBXFileReference; fileEncoding = 4; lastKnownFileType = sourcecode.c.h; name = ProgramaticallyLoadingViewController.h; path = Classes/ViewControllers/ProgramaticallyLoadingViewController.h; sourceTree = "<group>"; };
		75EE4FAA18BB6E9B001FD840 /* ProgramaticallyLoadingViewController.m */ = {isa = PBXFileReference; fileEncoding = 4; lastKnownFileType = sourcecode.c.objc; name = ProgramaticallyLoadingViewController.m; path = Classes/ViewControllers/ProgramaticallyLoadingViewController.m; sourceTree = "<group>"; };
		75EE4FAC18BB74F2001FD840 /* NibLoadedViewController.h */ = {isa = PBXFileReference; fileEncoding = 4; lastKnownFileType = sourcecode.c.h; name = NibLoadedViewController.h; path = Classes/ViewControllers/NibLoadedViewController.h; sourceTree = "<group>"; };
		75EE4FAD18BB74F2001FD840 /* NibLoadedViewController.m */ = {isa = PBXFileReference; fileEncoding = 4; lastKnownFileType = sourcecode.c.objc; name = NibLoadedViewController.m; path = Classes/ViewControllers/NibLoadedViewController.m; sourceTree = "<group>"; };
		75EE4FAF18BB751C001FD840 /* NibLoadedView.xib */ = {isa = PBXFileReference; fileEncoding = 4; lastKnownFileType = file.xib; name = NibLoadedView.xib; path = Resources/Nibs/NibLoadedView.xib; sourceTree = "<group>"; };
		75EE4FB118BB7BAD001FD840 /* StoryBoardLoadedViewController.h */ = {isa = PBXFileReference; fileEncoding = 4; lastKnownFileType = sourcecode.c.h; name = StoryBoardLoadedViewController.h; path = Classes/ViewControllers/StoryBoardLoadedViewController.h; sourceTree = "<group>"; };
		75EE4FB218BB7BAD001FD840 /* StoryBoardLoadedViewController.m */ = {isa = PBXFileReference; fileEncoding = 4; lastKnownFileType = sourcecode.c.objc; name = StoryBoardLoadedViewController.m; path = Classes/ViewControllers/StoryBoardLoadedViewController.m; sourceTree = "<group>"; };
		75EE4FB518BB7C41001FD840 /* MainStoryBoard.storyboard */ = {isa = PBXFileReference; fileEncoding = 4; lastKnownFileType = file.storyboard; name = MainStoryBoard.storyboard; path = Resources/StoryBoards/MainStoryBoard.storyboard; sourceTree = "<group>"; };
		75EE4FB918BC9BB8001FD840 /* UIControlDemonstrationViewController.h */ = {isa = PBXFileReference; fileEncoding = 4; lastKnownFileType = sourcecode.c.h; name = UIControlDemonstrationViewController.h; path = Classes/ViewControllers/UIControlDemonstrationViewController.h; sourceTree = "<group>"; };
		75EE4FBA18BC9BB8001FD840 /* UIControlDemonstrationViewController.m */ = {isa = PBXFileReference; fileEncoding = 4; lastKnownFileType = sourcecode.c.objc; name = UIControlDemonstrationViewController.m; path = Classes/ViewControllers/UIControlDemonstrationViewController.m; sourceTree = "<group>"; };
/* End PBXFileReference section */

/* Begin PBXFrameworksBuildPhase section */
		75EE4F6F18BB6C68001FD840 /* Frameworks */ = {
			isa = PBXFrameworksBuildPhase;
			buildActionMask = 2147483647;
			files = (
				75EE4F7818BB6C68001FD840 /* CoreGraphics.framework in Frameworks */,
				75EE4F7A18BB6C68001FD840 /* UIKit.framework in Frameworks */,
				75EE4F7618BB6C68001FD840 /* Foundation.framework in Frameworks */,
			);
			runOnlyForDeploymentPostprocessing = 0;
		};
		75EE4F8A18BB6C68001FD840 /* Frameworks */ = {
			isa = PBXFrameworksBuildPhase;
			buildActionMask = 2147483647;
			files = (
				75EE4F8F18BB6C68001FD840 /* XCTest.framework in Frameworks */,
				75EE4F9118BB6C68001FD840 /* UIKit.framework in Frameworks */,
				75EE4F9018BB6C68001FD840 /* Foundation.framework in Frameworks */,
			);
			runOnlyForDeploymentPostprocessing = 0;
		};
/* End PBXFrameworksBuildPhase section */

/* Begin PBXGroup section */
		75340DB418C4859A00144A7E /* UIViewSubclasses */ = {
			isa = PBXGroup;
			children = (
				75340DB518C485B500144A7E /* UIViewSubclassesDemonstrationViewController.h */,
				75340DB618C485B500144A7E /* UIViewSubclassesDemonstrationViewController.m */,
			);
			name = UIViewSubclasses;
			sourceTree = "<group>";
		};
		75340DB818C48B6B00144A7E /* Animation */ = {
			isa = PBXGroup;
			children = (
				75340DB918C48B7A00144A7E /* win_1.png */,
				75340DBA18C48B7A00144A7E /* win_2.png */,
				75340DBB18C48B7A00144A7E /* win_3.png */,
				75340DBC18C48B7A00144A7E /* win_4.png */,
				75340DBD18C48B7A00144A7E /* win_5.png */,
				75340DBE18C48B7A00144A7E /* win_6.png */,
				75340DBF18C48B7A00144A7E /* win_7.png */,
				75340DC018C48B7A00144A7E /* win_8.png */,
				75340DC118C48B7A00144A7E /* win_9.png */,
				75340DC218C48B7A00144A7E /* win_10.png */,
				75340DC318C48B7A00144A7E /* win_11.png */,
				75340DC418C48B7A00144A7E /* win_12.png */,
				75340DC518C48B7A00144A7E /* win_13.png */,
				75340DC618C48B7A00144A7E /* win_14.png */,
				75340DC718C48B7A00144A7E /* win_15.png */,
				75340DC818C48B7A00144A7E /* win_16.png */,
			);
			name = Animation;
			sourceTree = "<group>";
		};
		75340DDB18C4A71500144A7E /* UIScrollViewDemonstration */ = {
			isa = PBXGroup;
			children = (
				75340DDC18C4A73300144A7E /* MainScrollViewDemonstrationViewController.h */,
				75340DDD18C4A73300144A7E /* MainScrollViewDemonstrationViewController.m */,
				7561F82E18C4AA0400211CDE /* ScrollViewIBViewController.h */,
				7561F82F18C4AA0400211CDE /* ScrollViewIBViewController.m */,
				7561F83718C4B97400211CDE /* WebViewViewController.h */,
				7561F83818C4B97400211CDE /* WebViewViewController.m */,
				75B9EDCF18C4C25400D97BBE /* TextViewViewController.h */,
				75B9EDD018C4C25400D97BBE /* TextViewViewController.m */,
				75B9EDD218C72B7000D97BBE /* DynamicTableViewController.h */,
				75B9EDD318C72B7000D97BBE /* DynamicTableViewController.m */,
				75B9EDD518C747BF00D97BBE /* CustomUITableViewCell.h */,
				75B9EDD618C747BF00D97BBE /* CustomUITableViewCell.m */,
			);
			name = UIScrollViewDemonstration;
			sourceTree = "<group>";
		};
		75A3D43E18C09C0A008FA942 /* ViewControllerPresentation */ = {
			isa = PBXGroup;
			children = (
				75A3D43F18C0AE98008FA942 /* ViewControllerPresentationViewController.h */,
				75A3D44018C0AE98008FA942 /* ViewControllerPresentationViewController.m */,
				75A3D44218C0B7F5008FA942 /* ModallyPresentedViewController.h */,
				75A3D44318C0B7F5008FA942 /* ModallyPresentedViewController.m */,
			);
			name = ViewControllerPresentation;
			sourceTree = "<group>";
		};
		75A4C10618BCD31100ED8B27 /* TouchHandlingViewController */ = {
			isa = PBXGroup;
			children = (
				75A4C10D18BCD39A00ED8B27 /* CustomComponents */,
				75A4C10718BCD35700ED8B27 /* TouchHandlingWithTouchCallbacksViewController.h */,
				75A4C10818BCD35700ED8B27 /* TouchHandlingWithTouchCallbacksViewController.m */,
				75A4C10A18BCD38400ED8B27 /* TouchHandlingWithGestureRecognizerViewController.h */,
				75A4C10B18BCD38400ED8B27 /* TouchHandlingWithGestureRecognizerViewController.m */,
			);
			name = TouchHandlingViewController;
			sourceTree = "<group>";
		};
		75A4C10D18BCD39A00ED8B27 /* CustomComponents */ = {
			isa = PBXGroup;
			children = (
				75A4C10E18BCD3B900ED8B27 /* TouchHandlerView.h */,
				75A4C10F18BCD3B900ED8B27 /* TouchHandlerView.m */,
			);
			name = CustomComponents;
			sourceTree = "<group>";
		};
		75A4C11918BF752500ED8B27 /* ViewResizingViewController */ = {
			isa = PBXGroup;
			children = (
				75A4C11A18BF756100ED8B27 /* ViewResizingViewController.h */,
				75A4C11B18BF756100ED8B27 /* ViewResizingViewController.m */,
			);
			name = ViewResizingViewController;
			sourceTree = "<group>";
		};
		75B9EE4518C9E97900D97BBE /* Threading */ = {
			isa = PBXGroup;
			children = (
				75B9EE4E18CA093700D97BBE /* OtherClasses */,
				75B9EE4618C9ECDE00D97BBE /* ThreadDemonstrationViewController.h */,
				75B9EE4718C9ECDE00D97BBE /* ThreadDemonstrationViewController.m */,
				75B9EE4B18CA06F900D97BBE /* NSThreadViewController.h */,
				75B9EE4C18CA06F900D97BBE /* NSThreadViewController.m */,
				75B9EE5218CE0B6A00D97BBE /* NSOperationViewController.h */,
				75B9EE5318CE0B6A00D97BBE /* NSOperationViewController.m */,
				75B9EE6C18D334DE00D97BBE /* SynchronizationViewController.h */,
				75B9EE6D18D334DE00D97BBE /* SynchronizationViewController.m */,
			);
			name = Threading;
			sourceTree = "<group>";
		};
		75B9EE4E18CA093700D97BBE /* OtherClasses */ = {
			isa = PBXGroup;
			children = (
				75B9EE4F18CA096100D97BBE /* CustomThread.h */,
				75B9EE5018CA096100D97BBE /* CustomThread.m */,
				75B9EE5518CE0D4800D97BBE /* CustomOperation.h */,
				75B9EE5618CE0D4800D97BBE /* CustomOperation.m */,
			);
			name = OtherClasses;
			sourceTree = "<group>";
		};
		75EE4F6918BB6C68001FD840 = {
			isa = PBXGroup;
			children = (
				75EE4F7B18BB6C68001FD840 /* iOSJuniorApplication */,
				75EE4F9418BB6C68001FD840 /* iOSJuniorApplicationTests */,
				75EE4F7418BB6C68001FD840 /* Frameworks */,
				75EE4F7318BB6C68001FD840 /* Products */,
			);
			sourceTree = "<group>";
		};
		75EE4F7318BB6C68001FD840 /* Products */ = {
			isa = PBXGroup;
			children = (
				75EE4F7218BB6C68001FD840 /* iOSJuniorApplication.app */,
				75EE4F8D18BB6C68001FD840 /* iOSJuniorApplicationTests.xctest */,
			);
			name = Products;
			sourceTree = "<group>";
		};
		75EE4F7418BB6C68001FD840 /* Frameworks */ = {
			isa = PBXGroup;
			children = (
				75EE4F7518BB6C68001FD840 /* Foundation.framework */,
				75EE4F7718BB6C68001FD840 /* CoreGraphics.framework */,
				75EE4F7918BB6C68001FD840 /* UIKit.framework */,
				75EE4F8E18BB6C68001FD840 /* XCTest.framework */,
			);
			name = Frameworks;
			sourceTree = "<group>";
		};
		75EE4F7B18BB6C68001FD840 /* iOSJuniorApplication */ = {
			isa = PBXGroup;
			children = (
				75EE4FA518BB6CCE001FD840 /* Classes */,
				75EE4FA418BB6CC7001FD840 /* Resources */,
				75EE4F8418BB6C68001FD840 /* AppDelegate.h */,
				75EE4F8518BB6C68001FD840 /* AppDelegate.m */,
				75EE4F8718BB6C68001FD840 /* Images.xcassets */,
				75EE4F7C18BB6C68001FD840 /* Supporting Files */,
			);
			path = iOSJuniorApplication;
			sourceTree = "<group>";
		};
		75EE4F7C18BB6C68001FD840 /* Supporting Files */ = {
			isa = PBXGroup;
			children = (
				75EE4F7D18BB6C68001FD840 /* iOSJuniorApplication-Info.plist */,
				75EE4F7E18BB6C68001FD840 /* InfoPlist.strings */,
				75EE4F8118BB6C68001FD840 /* main.m */,
				75EE4F8318BB6C68001FD840 /* iOSJuniorApplication-Prefix.pch */,
			);
			name = "Supporting Files";
			sourceTree = "<group>";
		};
		75EE4F9418BB6C68001FD840 /* iOSJuniorApplicationTests */ = {
			isa = PBXGroup;
			children = (
				75EE4F9A18BB6C68001FD840 /* iOSJuniorApplicationTests.m */,
				75EE4F9518BB6C68001FD840 /* Supporting Files */,
			);
			path = iOSJuniorApplicationTests;
			sourceTree = "<group>";
		};
		75EE4F9518BB6C68001FD840 /* Supporting Files */ = {
			isa = PBXGroup;
			children = (
				75EE4F9618BB6C68001FD840 /* iOSJuniorApplicationTests-Info.plist */,
				75EE4F9718BB6C68001FD840 /* InfoPlist.strings */,
			);
			name = "Supporting Files";
			sourceTree = "<group>";
		};
		75EE4FA418BB6CC7001FD840 /* Resources */ = {
			isa = PBXGroup;
			children = (
				75EE4FA818BB6D9D001FD840 /* Images */,
				75EE4FA718BB6D8F001FD840 /* Nibs */,
				75EE4FB418BB7C01001FD840 /* StoryBoards */,
			);
			name = Resources;
			sourceTree = "<group>";
		};
		75EE4FA518BB6CCE001FD840 /* Classes */ = {
			isa = PBXGroup;
			children = (
				75EE4FA618BB6CFD001FD840 /* ViewControllers */,
			);
			name = Classes;
			sourceTree = "<group>";
		};
		75EE4FA618BB6CFD001FD840 /* ViewControllers */ = {
			isa = PBXGroup;
			children = (
				75B9EE4518C9E97900D97BBE /* Threading */,
				75340DDB18C4A71500144A7E /* UIScrollViewDemonstration */,
				75340DB418C4859A00144A7E /* UIViewSubclasses */,
				75A3D43E18C09C0A008FA942 /* ViewControllerPresentation */,
				75A4C11918BF752500ED8B27 /* ViewResizingViewController */,
				75A4C10618BCD31100ED8B27 /* TouchHandlingViewController */,
				75EE4FB818BC9B91001FD840 /* UIControlDemonstrationViewController */,
				75EE4FB718BC9B7B001FD840 /* ViewControllerLoadingExamples */,
			);
			name = ViewControllers;
			sourceTree = "<group>";
		};
		75EE4FA718BB6D8F001FD840 /* Nibs */ = {
			isa = PBXGroup;
			children = (
				75EE4FAF18BB751C001FD840 /* NibLoadedView.xib */,
				75A4C11518BF74D500ED8B27 /* LayoutUsingAutoResizeMaskView.xib */,
				75A4C11718BF74E600ED8B27 /* LayoutUsingAutoLayoutView.xib */,
				75A3D44518C0B809008FA942 /* ModallyPresentedView.xib */,
				75340DB218C47C1C00144A7E /* UIViewSubclassesDemonstration.xib */,
				7561F83118C4AA2300211CDE /* ScrollViewIBView.xib */,
			);
			name = Nibs;
			sourceTree = "<group>";
		};
		75EE4FA818BB6D9D001FD840 /* Images */ = {
			isa = PBXGroup;
			children = (
				75B9EDE018C74CA900D97BBE /* cell_bg_light_red.png */,
				75B9EDE118C74CA900D97BBE /* cell_bg_light_red@2x.png */,
				75B9EDD818C74AAE00D97BBE /* cell_bg_dark.png */,
				75B9EDD918C74AAE00D97BBE /* cell_bg_dark@2x.png */,
				75B9EDDA18C74AAE00D97BBE /* cell_bg_light.png */,
				75B9EDDB18C74AAE00D97BBE /* cell_bg_light@2x.png */,
				75340DB818C48B6B00144A7E /* Animation */,
				7561F83318C4ABF200211CDE /* very_tall_pic.png */,
				7561F83418C4ABF200211CDE /* very_tall_pic@2x.png */,
				75A3D44B18C0BF51008FA942 /* tabbarIconList.png */,
				75A3D44C18C0BF51008FA942 /* tabbarIconList@2x.png */,
				75A3D44D18C0BF51008FA942 /* tabbarIconSettings.png */,
				75A3D44E18C0BF51008FA942 /* tabbarIconSettings@2x.png */,
				75A4C11D18BF788100ED8B27 /* image_mask_geography.png */,
				75A4C11E18BF788100ED8B27 /* image_mask_geography@2x.png */,
			);
			name = Images;
			sourceTree = "<group>";
		};
		75EE4FB418BB7C01001FD840 /* StoryBoards */ = {
			isa = PBXGroup;
			children = (
				75EE4FB518BB7C41001FD840 /* MainStoryBoard.storyboard */,
				75A3D44718C0BC38008FA942 /* NavigationControllerStoryBoard.storyboard */,
				75A3D44918C0BEC4008FA942 /* TabBarControllerStoryBoard.storyboard */,
				75340DD918C4A5F700144A7E /* ScrollViewDemonstrationStoryboard.storyboard */,
				75B9EE4918C9ED1600D97BBE /* ThreadDemonstrationStoryBoard.storyboard */,
			);
			name = StoryBoards;
			sourceTree = "<group>";
		};
		75EE4FB718BC9B7B001FD840 /* ViewControllerLoadingExamples */ = {
			isa = PBXGroup;
			children = (
				75EE4FA918BB6E9B001FD840 /* ProgramaticallyLoadingViewController.h */,
				75EE4FAA18BB6E9B001FD840 /* ProgramaticallyLoadingViewController.m */,
				75EE4FAC18BB74F2001FD840 /* NibLoadedViewController.h */,
				75EE4FAD18BB74F2001FD840 /* NibLoadedViewController.m */,
				75EE4FB118BB7BAD001FD840 /* StoryBoardLoadedViewController.h */,
				75EE4FB218BB7BAD001FD840 /* StoryBoardLoadedViewController.m */,
			);
			name = ViewControllerLoadingExamples;
			sourceTree = "<group>";
		};
		75EE4FB818BC9B91001FD840 /* UIControlDemonstrationViewController */ = {
			isa = PBXGroup;
			children = (
				75EE4FB918BC9BB8001FD840 /* UIControlDemonstrationViewController.h */,
				75EE4FBA18BC9BB8001FD840 /* UIControlDemonstrationViewController.m */,
			);
			name = UIControlDemonstrationViewController;
			sourceTree = "<group>";
		};
/* End PBXGroup section */

/* Begin PBXNativeTarget section */
		75EE4F7118BB6C68001FD840 /* iOSJuniorApplication */ = {
			isa = PBXNativeTarget;
			buildConfigurationList = 75EE4F9E18BB6C68001FD840 /* Build configuration list for PBXNativeTarget "iOSJuniorApplication" */;
			buildPhases = (
				75EE4F6E18BB6C68001FD840 /* Sources */,
				75EE4F6F18BB6C68001FD840 /* Frameworks */,
				75EE4F7018BB6C68001FD840 /* Resources */,
			);
			buildRules = (
			);
			dependencies = (
			);
			name = iOSJuniorApplication;
			productName = iOSJuniorApplication;
			productReference = 75EE4F7218BB6C68001FD840 /* iOSJuniorApplication.app */;
			productType = "com.apple.product-type.application";
		};
		75EE4F8C18BB6C68001FD840 /* iOSJuniorApplicationTests */ = {
			isa = PBXNativeTarget;
			buildConfigurationList = 75EE4FA118BB6C68001FD840 /* Build configuration list for PBXNativeTarget "iOSJuniorApplicationTests" */;
			buildPhases = (
				75EE4F8918BB6C68001FD840 /* Sources */,
				75EE4F8A18BB6C68001FD840 /* Frameworks */,
				75EE4F8B18BB6C68001FD840 /* Resources */,
			);
			buildRules = (
			);
			dependencies = (
				75EE4F9318BB6C68001FD840 /* PBXTargetDependency */,
			);
			name = iOSJuniorApplicationTests;
			productName = iOSJuniorApplicationTests;
			productReference = 75EE4F8D18BB6C68001FD840 /* iOSJuniorApplicationTests.xctest */;
			productType = "com.apple.product-type.bundle.unit-test";
		};
/* End PBXNativeTarget section */

/* Begin PBXProject section */
		75EE4F6A18BB6C68001FD840 /* Project object */ = {
			isa = PBXProject;
			attributes = {
				LastUpgradeCheck = 0500;
				ORGANIZATIONNAME = victo;
				TargetAttributes = {
					75EE4F8C18BB6C68001FD840 = {
						TestTargetID = 75EE4F7118BB6C68001FD840;
					};
				};
			};
			buildConfigurationList = 75EE4F6D18BB6C68001FD840 /* Build configuration list for PBXProject "iOSJuniorApplication" */;
			compatibilityVersion = "Xcode 3.2";
			developmentRegion = English;
			hasScannedForEncodings = 0;
			knownRegions = (
				en,
			);
			mainGroup = 75EE4F6918BB6C68001FD840;
			productRefGroup = 75EE4F7318BB6C68001FD840 /* Products */;
			projectDirPath = "";
			projectRoot = "";
			targets = (
				75EE4F7118BB6C68001FD840 /* iOSJuniorApplication */,
				75EE4F8C18BB6C68001FD840 /* iOSJuniorApplicationTests */,
			);
		};
/* End PBXProject section */

/* Begin PBXResourcesBuildPhase section */
		75EE4F7018BB6C68001FD840 /* Resources */ = {
			isa = PBXResourcesBuildPhase;
			buildActionMask = 2147483647;
			files = (
				75A4C11F18BF788100ED8B27 /* image_mask_geography.png in Resources */,
				75340DD018C48B7A00144A7E /* win_8.png in Resources */,
				75340DCD18C48B7A00144A7E /* win_5.png in Resources */,
				75340DD518C48B7A00144A7E /* win_13.png in Resources */,
				75A4C11818BF74E600ED8B27 /* LayoutUsingAutoLayoutView.xib in Resources */,
				75340DCE18C48B7A00144A7E /* win_6.png in Resources */,
				75B9EDE318C74CA900D97BBE /* cell_bg_light_red@2x.png in Resources */,
				75340DD318C48B7A00144A7E /* win_11.png in Resources */,
				75A3D44F18C0BF51008FA942 /* tabbarIconList.png in Resources */,
				75340DCF18C48B7A00144A7E /* win_7.png in Resources */,
				75EE4FB018BB751C001FD840 /* NibLoadedView.xib in Resources */,
				75B9EDE218C74CA900D97BBE /* cell_bg_light_red.png in Resources */,
				75A3D45018C0BF51008FA942 /* tabbarIconList@2x.png in Resources */,
				75A3D45118C0BF51008FA942 /* tabbarIconSettings.png in Resources */,
				75A4C12018BF788100ED8B27 /* image_mask_geography@2x.png in Resources */,
				75EE4F8018BB6C68001FD840 /* InfoPlist.strings in Resources */,
				75340DD418C48B7A00144A7E /* win_12.png in Resources */,
				7561F83218C4AA2300211CDE /* ScrollViewIBView.xib in Resources */,
				75340DD718C48B7A00144A7E /* win_15.png in Resources */,
				75340DC918C48B7A00144A7E /* win_1.png in Resources */,
				75340DD818C48B7A00144A7E /* win_16.png in Resources */,
				75340DD218C48B7A00144A7E /* win_10.png in Resources */,
				75340DD618C48B7A00144A7E /* win_14.png in Resources */,
				75B9EDDD18C74AAE00D97BBE /* cell_bg_dark@2x.png in Resources */,
				75EE4FB618BB7C41001FD840 /* MainStoryBoard.storyboard in Resources */,
				75340DDA18C4A5F700144A7E /* ScrollViewDemonstrationStoryboard.storyboard in Resources */,
				75B9EDDF18C74AAE00D97BBE /* cell_bg_light@2x.png in Resources */,
				7561F83518C4ABF200211CDE /* very_tall_pic.png in Resources */,
				75A3D44A18C0BEC4008FA942 /* TabBarControllerStoryBoard.storyboard in Resources */,
				75A3D45218C0BF51008FA942 /* tabbarIconSettings@2x.png in Resources */,
				75EE4F8818BB6C68001FD840 /* Images.xcassets in Resources */,
				75340DCA18C48B7A00144A7E /* win_2.png in Resources */,
				75B9EDDC18C74AAE00D97BBE /* cell_bg_dark.png in Resources */,
				75A3D44618C0B809008FA942 /* ModallyPresentedView.xib in Resources */,
				75340DCB18C48B7A00144A7E /* win_3.png in Resources */,
				75A4C11618BF74D500ED8B27 /* LayoutUsingAutoResizeMaskView.xib in Resources */,
				75B9EDDE18C74AAE00D97BBE /* cell_bg_light.png in Resources */,
				75340DCC18C48B7A00144A7E /* win_4.png in Resources */,
				75340DD118C48B7A00144A7E /* win_9.png in Resources */,
				75340DB318C47C1C00144A7E /* UIViewSubclassesDemonstration.xib in Resources */,
				7561F83618C4ABF200211CDE /* very_tall_pic@2x.png in Resources */,
				75A3D44818C0BC38008FA942 /* NavigationControllerStoryBoard.storyboard in Resources */,
				75B9EE4A18C9ED1600D97BBE /* ThreadDemonstrationStoryBoard.storyboard in Resources */,
			);
			runOnlyForDeploymentPostprocessing = 0;
		};
		75EE4F8B18BB6C68001FD840 /* Resources */ = {
			isa = PBXResourcesBuildPhase;
			buildActionMask = 2147483647;
			files = (
				75EE4F9918BB6C68001FD840 /* InfoPlist.strings in Resources */,
			);
			runOnlyForDeploymentPostprocessing = 0;
		};
/* End PBXResourcesBuildPhase section */

/* Begin PBXSourcesBuildPhase section */
		75EE4F6E18BB6C68001FD840 /* Sources */ = {
			isa = PBXSourcesBuildPhase;
			buildActionMask = 2147483647;
			files = (
				75EE4FBB18BC9BB8001FD840 /* UIControlDemonstrationViewController.m in Sources */,
				75EE4F8618BB6C68001FD840 /* AppDelegate.m in Sources */,
				75B9EDD118C4C25400D97BBE /* TextViewViewController.m in Sources */,
				7561F83018C4AA0400211CDE /* ScrollViewIBViewController.m in Sources */,
				75B9EE4D18CA06F900D97BBE /* NSThreadViewController.m in Sources */,
				75B9EE4818C9ECDE00D97BBE /* ThreadDemonstrationViewController.m in Sources */,
				75A4C11C18BF756100ED8B27 /* ViewResizingViewController.m in Sources */,
				75A4C11018BCD3B900ED8B27 /* TouchHandlerView.m in Sources */,
				75B9EE5718CE0D4800D97BBE /* CustomOperation.m in Sources */,
				75340DB718C485B500144A7E /* UIViewSubclassesDemonstrationViewController.m in Sources */,
				75EE4FB318BB7BAD001FD840 /* StoryBoardLoadedViewController.m in Sources */,
				75A4C10918BCD35700ED8B27 /* TouchHandlingWithTouchCallbacksViewController.m in Sources */,
				75EE4FAE18BB74F2001FD840 /* NibLoadedViewController.m in Sources */,
				75EE4FAB18BB6E9B001FD840 /* ProgramaticallyLoadingViewController.m in Sources */,
				7561F83918C4B97400211CDE /* WebViewViewController.m in Sources */,
				75340DDE18C4A73300144A7E /* MainScrollViewDemonstrationViewController.m in Sources */,
				75A3D44418C0B7F5008FA942 /* ModallyPresentedViewController.m in Sources */,
				75EE4F8218BB6C68001FD840 /* main.m in Sources */,
				75B9EDD718C747BF00D97BBE /* CustomUITableViewCell.m in Sources */,
				75B9EE5118CA096100D97BBE /* CustomThread.m in Sources */,
				75B9EE6E18D334DE00D97BBE /* SynchronizationViewController.m in Sources */,
				75A3D44118C0AE98008FA942 /* ViewControllerPresentationViewController.m in Sources */,
				75A4C10C18BCD38400ED8B27 /* TouchHandlingWithGestureRecognizerViewController.m in Sources */,
				75B9EDD418C72B7000D97BBE /* DynamicTableViewController.m in Sources */,
				75B9EE5418CE0B6A00D97BBE /* NSOperationViewController.m in Sources */,
			);
			runOnlyForDeploymentPostprocessing = 0;
		};
		75EE4F8918BB6C68001FD840 /* Sources */ = {
			isa = PBXSourcesBuildPhase;
			buildActionMask = 2147483647;
			files = (
				75EE4F9B18BB6C68001FD840 /* iOSJuniorApplicationTests.m in Sources */,
			);
			runOnlyForDeploymentPostprocessing = 0;
		};
/* End PBXSourcesBuildPhase section */

/* Begin PBXTargetDependency section */
		75EE4F9318BB6C68001FD840 /* PBXTargetDependency */ = {
			isa = PBXTargetDependency;
			target = 75EE4F7118BB6C68001FD840 /* iOSJuniorApplication */;
			targetProxy = 75EE4F9218BB6C68001FD840 /* PBXContainerItemProxy */;
		};
/* End PBXTargetDependency section */

/* Begin PBXVariantGroup section */
		75EE4F7E18BB6C68001FD840 /* InfoPlist.strings */ = {
			isa = PBXVariantGroup;
			children = (
				75EE4F7F18BB6C68001FD840 /* en */,
			);
			name = InfoPlist.strings;
			sourceTree = "<group>";
		};
		75EE4F9718BB6C68001FD840 /* InfoPlist.strings */ = {
			isa = PBXVariantGroup;
			children = (
				75EE4F9818BB6C68001FD840 /* en */,
			);
			name = InfoPlist.strings;
			sourceTree = "<group>";
		};
/* End PBXVariantGroup section */

/* Begin XCBuildConfiguration section */
		75EE4F9C18BB6C68001FD840 /* Debug */ = {
			isa = XCBuildConfiguration;
			buildSettings = {
				ALWAYS_SEARCH_USER_PATHS = NO;
				ARCHS = "$(ARCHS_STANDARD_INCLUDING_64_BIT)";
				CLANG_CXX_LANGUAGE_STANDARD = "gnu++0x";
				CLANG_CXX_LIBRARY = "libc++";
				CLANG_ENABLE_MODULES = YES;
				CLANG_ENABLE_OBJC_ARC = YES;
				CLANG_WARN_BOOL_CONVERSION = YES;
				CLANG_WARN_CONSTANT_CONVERSION = YES;
				CLANG_WARN_DIRECT_OBJC_ISA_USAGE = YES_ERROR;
				CLANG_WARN_EMPTY_BODY = YES;
				CLANG_WARN_ENUM_CONVERSION = YES;
				CLANG_WARN_INT_CONVERSION = YES;
				CLANG_WARN_OBJC_ROOT_CLASS = YES_ERROR;
				CLANG_WARN__DUPLICATE_METHOD_MATCH = YES;
				"CODE_SIGN_IDENTITY[sdk=iphoneos*]" = "iPhone Developer";
				COPY_PHASE_STRIP = NO;
				GCC_C_LANGUAGE_STANDARD = gnu99;
				GCC_DYNAMIC_NO_PIC = NO;
				GCC_OPTIMIZATION_LEVEL = 0;
				GCC_PREPROCESSOR_DEFINITIONS = (
					"DEBUG=1",
					"$(inherited)",
				);
				GCC_SYMBOLS_PRIVATE_EXTERN = NO;
				GCC_WARN_64_TO_32_BIT_CONVERSION = YES;
				GCC_WARN_ABOUT_RETURN_TYPE = YES_ERROR;
				GCC_WARN_UNDECLARED_SELECTOR = YES;
				GCC_WARN_UNINITIALIZED_AUTOS = YES;
				GCC_WARN_UNUSED_FUNCTION = YES;
				GCC_WARN_UNUSED_VARIABLE = YES;
				IPHONEOS_DEPLOYMENT_TARGET = 7.0;
				ONLY_ACTIVE_ARCH = YES;
				SDKROOT = iphoneos;
			};
			name = Debug;
		};
		75EE4F9D18BB6C68001FD840 /* Release */ = {
			isa = XCBuildConfiguration;
			buildSettings = {
				ALWAYS_SEARCH_USER_PATHS = NO;
				ARCHS = "$(ARCHS_STANDARD_INCLUDING_64_BIT)";
				CLANG_CXX_LANGUAGE_STANDARD = "gnu++0x";
				CLANG_CXX_LIBRARY = "libc++";
				CLANG_ENABLE_MODULES = YES;
				CLANG_ENABLE_OBJC_ARC = YES;
				CLANG_WARN_BOOL_CONVERSION = YES;
				CLANG_WARN_CONSTANT_CONVERSION = YES;
				CLANG_WARN_DIRECT_OBJC_ISA_USAGE = YES_ERROR;
				CLANG_WARN_EMPTY_BODY = YES;
				CLANG_WARN_ENUM_CONVERSION = YES;
				CLANG_WARN_INT_CONVERSION = YES;
				CLANG_WARN_OBJC_ROOT_CLASS = YES_ERROR;
				CLANG_WARN__DUPLICATE_METHOD_MATCH = YES;
				"CODE_SIGN_IDENTITY[sdk=iphoneos*]" = "iPhone Developer";
				COPY_PHASE_STRIP = YES;
				ENABLE_NS_ASSERTIONS = NO;
				GCC_C_LANGUAGE_STANDARD = gnu99;
				GCC_WARN_64_TO_32_BIT_CONVERSION = YES;
				GCC_WARN_ABOUT_RETURN_TYPE = YES_ERROR;
				GCC_WARN_UNDECLARED_SELECTOR = YES;
				GCC_WARN_UNINITIALIZED_AUTOS = YES;
				GCC_WARN_UNUSED_FUNCTION = YES;
				GCC_WARN_UNUSED_VARIABLE = YES;
				IPHONEOS_DEPLOYMENT_TARGET = 7.0;
				SDKROOT = iphoneos;
				VALIDATE_PRODUCT = YES;
			};
			name = Release;
		};
		75EE4F9F18BB6C68001FD840 /* Debug */ = {
			isa = XCBuildConfiguration;
			buildSettings = {
				ASSETCATALOG_COMPILER_APPICON_NAME = AppIcon;
				ASSETCATALOG_COMPILER_LAUNCHIMAGE_NAME = LaunchImage;
				GCC_PRECOMPILE_PREFIX_HEADER = YES;
				GCC_PREFIX_HEADER = "iOSJuniorApplication/iOSJuniorApplication-Prefix.pch";
				INFOPLIST_FILE = "iOSJuniorApplication/iOSJuniorApplication-Info.plist";
				PRODUCT_NAME = "$(TARGET_NAME)";
				WRAPPER_EXTENSION = app;
			};
			name = Debug;
		};
		75EE4FA018BB6C68001FD840 /* Release */ = {
			isa = XCBuildConfiguration;
			buildSettings = {
				ASSETCATALOG_COMPILER_APPICON_NAME = AppIcon;
				ASSETCATALOG_COMPILER_LAUNCHIMAGE_NAME = LaunchImage;
				GCC_PRECOMPILE_PREFIX_HEADER = YES;
				GCC_PREFIX_HEADER = "iOSJuniorApplication/iOSJuniorApplication-Prefix.pch";
				INFOPLIST_FILE = "iOSJuniorApplication/iOSJuniorApplication-Info.plist";
				PRODUCT_NAME = "$(TARGET_NAME)";
				WRAPPER_EXTENSION = app;
			};
			name = Release;
		};
		75EE4FA218BB6C68001FD840 /* Debug */ = {
			isa = XCBuildConfiguration;
			buildSettings = {
				ARCHS = "$(ARCHS_STANDARD_INCLUDING_64_BIT)";
				BUNDLE_LOADER = "$(BUILT_PRODUCTS_DIR)/iOSJuniorApplication.app/iOSJuniorApplication";
				FRAMEWORK_SEARCH_PATHS = (
					"$(SDKROOT)/Developer/Library/Frameworks",
					"$(inherited)",
					"$(DEVELOPER_FRAMEWORKS_DIR)",
				);
				GCC_PRECOMPILE_PREFIX_HEADER = YES;
				GCC_PREFIX_HEADER = "iOSJuniorApplication/iOSJuniorApplication-Prefix.pch";
				GCC_PREPROCESSOR_DEFINITIONS = (
					"DEBUG=1",
					"$(inherited)",
				);
				INFOPLIST_FILE = "iOSJuniorApplicationTests/iOSJuniorApplicationTests-Info.plist";
				PRODUCT_NAME = "$(TARGET_NAME)";
				TEST_HOST = "$(BUNDLE_LOADER)";
				WRAPPER_EXTENSION = xctest;
			};
			name = Debug;
		};
		75EE4FA318BB6C68001FD840 /* Release */ = {
			isa = XCBuildConfiguration;
			buildSettings = {
				ARCHS = "$(ARCHS_STANDARD_INCLUDING_64_BIT)";
				BUNDLE_LOADER = "$(BUILT_PRODUCTS_DIR)/iOSJuniorApplication.app/iOSJuniorApplication";
				FRAMEWORK_SEARCH_PATHS = (
					"$(SDKROOT)/Developer/Library/Frameworks",
					"$(inherited)",
					"$(DEVELOPER_FRAMEWORKS_DIR)",
				);
				GCC_PRECOMPILE_PREFIX_HEADER = YES;
				GCC_PREFIX_HEADER = "iOSJuniorApplication/iOSJuniorApplication-Prefix.pch";
				INFOPLIST_FILE = "iOSJuniorApplicationTests/iOSJuniorApplicationTests-Info.plist";
				PRODUCT_NAME = "$(TARGET_NAME)";
				TEST_HOST = "$(BUNDLE_LOADER)";
				WRAPPER_EXTENSION = xctest;
			};
			name = Release;
		};
/* End XCBuildConfiguration section */

/* Begin XCConfigurationList section */
		75EE4F6D18BB6C68001FD840 /* Build configuration list for PBXProject "iOSJuniorApplication" */ = {
			isa = XCConfigurationList;
			buildConfigurations = (
				75EE4F9C18BB6C68001FD840 /* Debug */,
				75EE4F9D18BB6C68001FD840 /* Release */,
			);
			defaultConfigurationIsVisible = 0;
			defaultConfigurationName = Release;
		};
		75EE4F9E18BB6C68001FD840 /* Build configuration list for PBXNativeTarget "iOSJuniorApplication" */ = {
			isa = XCConfigurationList;
			buildConfigurations = (
				75EE4F9F18BB6C68001FD840 /* Debug */,
				75EE4FA018BB6C68001FD840 /* Release */,
			);
			defaultConfigurationIsVisible = 0;
			defaultConfigurationName = Release;
		};
		75EE4FA118BB6C68001FD840 /* Build configuration list for PBXNativeTarget "iOSJuniorApplicationTests" */ = {
			isa = XCConfigurationList;
			buildConfigurations = (
				75EE4FA218BB6C68001FD840 /* Debug */,
				75EE4FA318BB6C68001FD840 /* Release */,
			);
			defaultConfigurationIsVisible = 0;
			defaultConfigurationName = Release;
		};
/* End XCConfigurationList section */
	};
	rootObject = 75EE4F6A18BB6C68001FD840 /* Project object */;
}
